{"SurveyEntry":{"SurveyID":"SV_9uvLSLB8AtN8BfL","SurveyName":"experimental psychology","SurveyDescription":null,"SurveyOwnerID":"UR_2os1lEaG4lSPA3z","SurveyBrandID":"bnupsych","DivisionID":"DV_4SJlINuxO3tQnOJ","SurveyLanguage":"ZH-S","SurveyActiveResponseSet":"RS_a2HuRjeIrBWVb1P","SurveyStatus":"Active","SurveyStartDate":"0000-00-00 00:00:00","SurveyExpirationDate":"0000-00-00 00:00:00","SurveyCreationDate":"2017-10-20 04:05:07","CreatorID":"UR_2os1lEaG4lSPA3z","LastModified":"2018-01-12 06:54:00","LastAccessed":"0000-00-00 00:00:00","LastActivated":"2018-01-12 06:54:00","Deleted":null},"SurveyElements":[{"SurveyID":"SV_9uvLSLB8AtN8BfL","Element":"BL","PrimaryAttribute":"Survey Blocks","SecondaryAttribute":null,"TertiaryAttribute":null,"Payload":{"1":{"Type":"Trash","Description":"\u5783\u573e\/\u672a\u4f7f\u7528\u7684\u95ee\u9898","ID":"BL_eXbvTvXdA3OGplH","BlockElements":[{"Type":"Question","QuestionID":"QID196"},{"Type":"Question","QuestionID":"QID191"},{"Type":"Question","QuestionID":"QID197"}],"Options":{"BlockLocking":"false","RandomizeQuestions":"false","BlockVisibility":"Expanded"}},"2":{"Type":"Standard","SubType":"","Description":"environment","ID":"BL_bqDI8AWvXHC10Xj","BlockElements":[{"Type":"Question","QuestionID":"QID171"},{"Type":"Question","QuestionID":"QID198"},{"Type":"Question","QuestionID":"QID170"},{"Type":"Page Break"},{"Type":"Question","QuestionID":"QID124","SkipLogic":[{"SkipLogicID":1,"ChoiceLocator":"q:\/\/QID124\/SelectableChoice\/1","Condition":"Selected","SkipToDestination":"QID128","Locator":"q:\/\/QID124\/SelectableChoice\/1","SkipToDescription":"<span style='font-size:14.0... <strong>\uf06e \u662f<\/strong>  <strong>\u5df2\u9009\u5b9a<\/strong>","Description":"\u6761\u4ef6\uff1a<strong title=\"\uf06e \u662f\">\uf06e \u662f<\/strong> <strong>\u5df2\u9009\u5b9a<\/strong>\u3002\u8df3\u81f3\uff1a<strong>\u4e3a\u4e86\u4fdd\u8bc1\u7ed3\u679c\u7684\u771f\u5b9e\u53ef\u9760\uff0c\u8bf7\u60a8\u91cd\u65b0\u5b89\u6392\u4e00\u6b21\u65f6\u95f4\u586b\u5199\u672c\u95ee\u5377\uff0c\u8c22\u8c22\u60a8\u7684\u914d\u5408\uff01...<\/strong>\u3002","QuestionID":"QID124"}]},{"Type":"Question","QuestionID":"QID125","SkipLogic":[{"SkipLogicID":2,"ChoiceLocator":"q:\/\/QID125\/SelectableChoice\/1","Condition":"Selected","SkipToDestination":"QID128","Locator":"q:\/\/QID125\/SelectableChoice\/1","SkipToDescription":"<p><span style='font-size:1... <strong>\uf06e\t\u662f<\/strong>  <strong>\u5df2\u9009\u5b9a<\/strong>","Description":"\u6761\u4ef6\uff1a<strong title=\"\uf06e\t\u662f\">\uf06e\t\u662f<\/strong> <strong>\u5df2\u9009\u5b9a<\/strong>\u3002\u8df3\u81f3\uff1a<strong>\u8bf7\u60a8\u91cd\u65b0\u5b89\u6392\u4e00\u6b21\u65f6\u95f4\u4f5c\u7b54\u672c\u95ee\u5377\uff0c\u8c22\u8c22\u60a8\u7684\u914d\u5408\uff01<\/strong>\u3002","QuestionID":"QID125"}]},{"Type":"Question","QuestionID":"QID126"},{"Type":"Question","QuestionID":"QID127"},{"Type":"Question","QuestionID":"QID128","SkipLogic":[{"SkipLogicID":3,"ChoiceLocator":"q:\/\/QID128\/DisplayableQuestion\/1","Condition":"Displayed","SkipToDestination":"ENDOFSURVEY","Locator":"q:\/\/QID128\/ChoiceDisplayed","SkipToDescription":"<span style=\"font-family: \u5b8b... <strong>\u8bf7\u60a8\u91cd\u65b0\u5b89\u6392\u4e00\u6b21\u65f6\u95f4\u4f5c\u7b54\u672c\u95ee\u5377\uff0c\u8c22\u8c22\u60a8\u7684\u914d\u5408\uff01<\/strong>  <strong>\u5df2\u663e\u793a<\/strong>","Description":"\u6761\u4ef6\uff1a<strong title=\"\u8bf7\u60a8\u91cd\u65b0\u5b89\u6392\u4e00\u6b21\u65f6\u95f4\u4f5c\u7b54\u672c\u95ee\u5377\uff0c\u8c22\u8c22\u60a8\u7684\u914d\u5408\uff01\">\u8bf7\u60a8\u91cd\u65b0\u5b89\u6392\u4e00\u6b21\u65f6\u95f4\u4f5c\u7b54\u672c\u95ee\u5377\uff0c\u8c22\u8c22\u60a8\u7684\u914d\u5408\uff01<\/strong> <strong>\u5df2\u663e\u793a<\/strong>\u3002\u8df3\u81f3\uff1a<strong>\u8c03\u67e5\u7ed3\u675f<\/strong>\u3002","QuestionID":"QID128"}]}],"Options":{"BlockLocking":"false","RandomizeQuestions":"false","BlockVisibility":"Collapsed"}},"3":{"Type":"Standard","SubType":"","Description":"attachment","ID":"BL_9mlL30W6emB23LD","BlockElements":[{"Type":"Question","QuestionID":"QID118"},{"Type":"Question","QuestionID":"QID183"},{"Type":"Page Break"},{"Type":"Question","QuestionID":"QID49"},{"Type":"Question","QuestionID":"QID186"},{"Type":"Page Break"},{"Type":"Question","QuestionID":"QID50"},{"Type":"Question","QuestionID":"QID51"},{"Type":"Page Break"},{"Type":"Question","QuestionID":"QID188"}],"Options":{"BlockLocking":"false","RandomizeQuestions":"RandomWithXPerPage","Randomization":{"Advanced":{"QuestionsPerPage":0,"FixedOrder":{"0":"QID118","1":"QID183","3":"QID186","4":"QID188"}}},"BlockVisibility":"Collapsed"}},"6":{"Type":"Standard","SubType":"","Description":"basic informaton","ID":"BL_82oOUhjomFHKrHv","BlockElements":[{"Type":"Question","QuestionID":"QID99"},{"Type":"Question","QuestionID":"QID92"},{"Type":"Question","QuestionID":"QID195"},{"Type":"Page Break"},{"Type":"Question","QuestionID":"QID172"},{"Type":"Question","QuestionID":"QID173"},{"Type":"Page Break"},{"Type":"Question","QuestionID":"QID192"},{"Type":"Question","QuestionID":"QID193"},{"Type":"Page Break"},{"Type":"Question","QuestionID":"QID93"},{"Type":"Question","QuestionID":"QID94"},{"Type":"Question","QuestionID":"QID115"},{"Type":"Question","QuestionID":"QID116"},{"Type":"Page Break"},{"Type":"Question","QuestionID":"QID129"},{"Type":"Question","QuestionID":"QID130"},{"Type":"Question","QuestionID":"QID131"},{"Type":"Question","QuestionID":"QID174"},{"Type":"Question","QuestionID":"QID189"},{"Type":"Question","QuestionID":"QID132"},{"Type":"Page Break"}],"Options":{"BlockLocking":"false","RandomizeQuestions":"false","BlockVisibility":"Collapsed"}},"8":{"Type":"Standard","Description":"empathy","ID":"BL_1ZaKUBkDHO1sJfv","BlockElements":[{"Type":"Question","QuestionID":"QID175"},{"Type":"Question","QuestionID":"QID180"},{"Type":"Page Break"},{"Type":"Question","QuestionID":"QID176"},{"Type":"Question","QuestionID":"QID181"},{"Type":"Page Break"},{"Type":"Question","QuestionID":"QID177"},{"Type":"Question","QuestionID":"QID178"},{"Type":"Page Break"},{"Type":"Question","QuestionID":"QID182"},{"Type":"Question","QuestionID":"QID179"},{"Type":"Page Break"}],"Options":{"BlockLocking":false,"RandomizeQuestions":"RandomWithXPerPage","Randomization":{"Advanced":{"QuestionsPerPage":0}},"BlockVisibility":"Collapsed"}}}},{"SurveyID":"SV_9uvLSLB8AtN8BfL","Element":"FL","PrimaryAttribute":"Survey Flow","SecondaryAttribute":null,"TertiaryAttribute":null,"Payload":{"Type":"Root","FlowID":"FL_1","Flow":[{"Type":"Standard","ID":"BL_bqDI8AWvXHC10Xj","FlowID":"FL_2"},{"Type":"Branch","FlowID":"FL_3","Description":"New Branch","Options":{"excludeFromProgressBar":""},"BranchLogic":{"0":{"0":{"LogicType":"Question","QuestionID":"QID124","QuestionIsInLoop":"no","ChoiceLocator":"q:\/\/QID124\/SelectableChoice\/1","Operator":"Selected","QuestionIDFromLocator":"QID124","LeftOperand":"q:\/\/QID124\/SelectableChoice\/1","Type":"Expression","Description":"<span class=\"ConjDesc\">If<\/span> <span class=\"QuestionDesc\">\u60a8\u6240\u5904\u7684\u73af\u5883\u4f1a\u5f71\u54cd\u60a8\u51c6\u786e\u56de\u7b54\u540e\u7eed\u95ee\u9898\u5417\uff1f<\/span> <span class=\"LeftOpDesc\">\uf06e \u662f<\/span> <span class=\"OpDesc\">\u5df2\u9009\u5b9a<\/span> "},"Type":"If"},"Type":"BooleanExpression"},"Flow":[{"Type":"EndSurvey","FlowID":"FL_11"}]},{"Type":"Branch","FlowID":"FL_4","Description":"New Branch","BranchLogic":{"0":{"0":{"LogicType":"Question","QuestionID":"QID125","QuestionIsInLoop":"no","ChoiceLocator":"q:\/\/QID125\/SelectableChoice\/1","Operator":"Selected","QuestionIDFromLocator":"QID125","LeftOperand":"q:\/\/QID125\/SelectableChoice\/1","Type":"Expression","Description":"<span class=\"ConjDesc\">If<\/span> <span class=\"QuestionDesc\">\u60a8\u73b0\u5728\u6709\u522b\u7684\u4e8b\u60c5\u8981\u53bb\u5fd9\u5417\uff1f<\/span> <span class=\"LeftOpDesc\">\uf06e\t\u662f<\/span> <span class=\"OpDesc\">\u5df2\u9009\u5b9a<\/span> "},"Type":"If"},"Type":"BooleanExpression"},"Flow":[{"Type":"EndSurvey","FlowID":"FL_10"}]},{"Type":"Standard","ID":"BL_82oOUhjomFHKrHv","FlowID":"FL_5"},{"Type":"Standard","ID":"BL_1ZaKUBkDHO1sJfv","FlowID":"FL_9"},{"Type":"Standard","ID":"BL_9mlL30W6emB23LD","FlowID":"FL_6"},{"Type":"EndSurvey","FlowID":"FL_8"}],"Properties":{"Count":11}}},{"SurveyID":"SV_9uvLSLB8AtN8BfL","Element":"SO","PrimaryAttribute":"Survey Options","SecondaryAttribute":null,"TertiaryAttribute":null,"Payload":{"BackButton":"true","SaveAndContinue":"true","SurveyProtection":"PublicSurvey","BallotBoxStuffingPrevention":"false","NoIndex":"Yes","SecureResponseFiles":"true","SurveyExpiration":null,"SurveyTermination":"DefaultMessage","Header":"","Footer":"","ProgressBarDisplay":"None","PartialData":"+1 week","ValidationMessage":null,"PreviousButton":"  <<  ","NextButton":"  >>  ","SkinLibrary":"Qualtrics","SkinType":"MQ","Skin":"summit2","NewScoring":1,"libraryId":"","nextButtonMid":"","previousButtonMid":"","headerMid":"","footerMid":"","QuestionsPerPage":"2","PageTransition":"Fade","ExternalCSS":null,"CustomStyles":{"errorStyles":{"selector":".Skin .ValidationError","styles":{"color":null,"backgroundColor":null,"borderColor":null}},"errorStylesBG":{"selector":".Skin .HeaderValidationError, .Skin .HeaderValidationError li a","styles":{"color":null,"backgroundColor":null}},"pageStyles":{"selector":"#SurveyEngineBody","styles":{"backgroundColor":null}},"textStyles":{"selector":".SkinInner","styles":{"fontFamily":"arial, helvetica, sans-serif","fontSize":null,"fontWeight":null,"fontStyle":null,"textDecoration":null,"color":null}},"questionStyles":{"selector":".Skin .QuestionText","styles":{"fontFamily":"","fontSize":"","fontWeight":"","fontStyle":"","textDecoration":"","color":null}},"choiceStyles":{"selector":".Skin .horizontalbar th.ylabel, .Skin .Matrix table td, .Skin .Matrix table th, .Skin .Matrix table thead th, .Skin .Matrix table thead td, .Skin .PGR .DragAndDrop .Items label, .Skin .QuestionBody ul.ChoiceStructure, .Skin .PGR .DragAndDrop .Group ul, .Skin .PGR .DragAndDrop .Group h2, .Skin .PGR .DragAndDrop .Items ul, .Skin .PGR .DragAndDrop .Items h2, .Skin .DD .QuestionBody table.ChoiceStructure, .Skin .PGR .DragAndDrop .NoColumns td.groupsContainerTd div ul, .Skin .PGR .DragAndDrop .NoColumns td.groupsContainerTd div h2, .Skin .SBS thead th, .Skin .SBS td, .Skin .SBS .Answers td, .Skin .SBS .Answers th, .SBS table.ChoiceStructure, .Skin .horizontalbar thead table.LabelDescriptions tr td, .Skin .horizontalbar thead tr td.NotApplicable, .QuestionBody th, .Skin .QuestionBody .MC .MAVR label, .Skin .QuestionBody .MC .SAVR label, .Skin .SBS thead th, .Skin .SBS td, .Skin .RO .DND ul li, .Skin .reg, .SkinInner .ChoiceStructure, .Skin thead, .Skin .GAP .ChoiceStructure thead th, .Skin .GAP .ChoiceStructure .c4, .Skin .GAP .ChoiceStructure th, .Skin .GAP .ChoiceStructure .WhyText, .SkinInner .ChoiceStructure .LightBG, .Skin .QuestionOuter.Highlight .Inner .reg, .Skin .QuestionOuter.Highlight .Inner .alt, .Skin .QuestionOuter.Highlight .Inner .ReadableAlt       ","styles":{"fontFamily":"","fontSize":"","fontWeight":"","fontStyle":"","textDecoration":"","color":null}},"headerStyles":{"selector":".Skin div#Header","styles":{"color":null}},"footerStyles":{"selector":".Skin #Footer","styles":{"color":null}},"questionSeparatorStyles":{"selector":".Skin .Separator","styles":{"backgroundColor":null,"display":"block"}},"highlightStyles":{"selector":".Skin .QuestionOuter.Highlight .Inner, .Skin .QuestionOuter.Highlight .Inner .reg, .Skin .QuestionOuter.Highlight .Inner .alt, .Skin .QuestionOuter.Highlight .Inner .ReadableAlt","styles":{"backgroundColor":null}},"highlightStylesAlt":{"selector":".Skin .QuestionOuter.Highlight .Inner .ReadableAlt, .Skin .QuestionOuter.Highlight .Inner .LightBG","styles":{"backgroundColor":null}},"textEntryStyles":{"selector":".Skin select, .Skin .InputText","styles":{"color":null}},"borderStyles":{"selector":".Skin .CS .horizontalbar table.sliderGrid tr.xlabel th, .Skin .CS .horizontalbar .ylabel, .Skin .CS .horizontalbar table.sliderGrid tr td.value, .Skin .Slider .horizontalbar table.sliderGrid tr.xlabel th, .Skin .BorderColor, .Skin .DarkBorderColor, .Skin .Slider .horizontalbar table.sliderGrid tr td.value, .Skin thead, .Skin .GAP .ChoiceStructure thead th  ","styles":{"borderColor":null}},"altRowStyles":{"selector":".Skin .ReadableAlt, .Skin .LightBG","styles":{"backgroundColor":null}},"customCSS":null},"HighlightQuestions":"off","EOSMessage":"","ShowExportTags":"false","CollectGeoLocation":"false","SurveyTitle":"\u5728\u7ebf\u8c03\u67e5\u8f6f\u4ef6 | Qualtrics \u8c03\u67e5\u89e3\u51b3\u65b9\u6848","SurveyMetaDescription":"Qualtrics \u6210\u719f\u7684\u5728\u7ebf\u8c03\u67e5\u8f6f\u4ef6\u89e3\u51b3\u65b9\u6848\u4f7f\u5f97\u521b\u5efa\u5728\u7ebf\u8c03\u67e5\u65e0\u6bd4\u7b80\u5355\u3002\u7acb\u5373\u6df1\u5165\u4e86\u89e3 Research Suite \u5e76\u83b7\u5f97\u514d\u8d39\u5e10\u6237\u3002","PasswordProtection":"No","AnonymizeResponse":"No","Password":"","RefererCheck":"No","RefererURL":"http:\/\/","EOSMessageLibrary":"","EOSRedirectURL":"https:\/\/","EmailThankYou":"false","ThankYouEmailMessageLibrary":null,"ThankYouEmailMessage":null,"ValidateMessage":"false","ValidationMessageLibrary":null,"InactiveSurvey":"DefaultMessage","PartialDataCloseAfter":"LastActivity","InactiveMessageLibrary":"","InactiveMessage":"","ActiveResponseSet":null,"AvailableLanguages":{"ZH-S":[]}}},{"SurveyID":"SV_9uvLSLB8AtN8BfL","Element":"SCO","PrimaryAttribute":"Scoring","SecondaryAttribute":null,"TertiaryAttribute":null,"Payload":{"ScoringCategories":[],"ScoringCategoryGroups":[],"ScoringSummaryCategory":null,"ScoringSummaryAfterQuestions":0,"ScoringSummaryAfterSurvey":0,"DefaultScoringCategory":null,"AutoScoringCategory":null}},{"SurveyID":"SV_9uvLSLB8AtN8BfL","Element":"STAT","PrimaryAttribute":"Survey Statistics","SecondaryAttribute":null,"TertiaryAttribute":null,"Payload":{"MobileCompatible":true,"ID":"Survey Statistics"}},{"SurveyID":"SV_9uvLSLB8AtN8BfL","Element":"QC","PrimaryAttribute":"Survey Question Count","SecondaryAttribute":"198","TertiaryAttribute":null,"Payload":null},{"SurveyID":"SV_9uvLSLB8AtN8BfL","Element":"SQ","PrimaryAttribute":"QID128","SecondaryAttribute":"\u4e3a\u4e86\u4fdd\u8bc1\u7ed3\u679c\u7684\u771f\u5b9e\u53ef\u9760\uff0c\u8bf7\u60a8\u91cd\u65b0\u5b89\u6392\u4e00\u6b21\u65f6\u95f4\u586b\u5199\u672c\u95ee\u5377\uff0c\u8c22\u8c22\u60a8\u7684\u914d","TertiaryAttribute":null,"Payload":{"QuestionText":"<span style=\"font-family: \u5b8b\u4f53; font-size: 19px;\">\u4e3a\u4e86\u4fdd\u8bc1\u7ed3\u679c\u7684\u771f\u5b9e\u53ef\u9760\uff0c\u8bf7\u60a8\u91cd\u65b0\u5b89\u6392\u4e00\u6b21\u65f6\u95f4\u586b\u5199\u672c\u95ee\u5377\uff0c\u8c22\u8c22\u60a8\u7684\u914d\u5408\uff01<\/span>","DefaultChoices":false,"DataExportTag":"Q8","QuestionType":"DB","Selector":"TB","Configuration":{"QuestionDescriptionOption":"UseText"},"QuestionDescription":"\u4e3a\u4e86\u4fdd\u8bc1\u7ed3\u679c\u7684\u771f\u5b9e\u53ef\u9760\uff0c\u8bf7\u60a8\u91cd\u65b0\u5b89\u6392\u4e00\u6b21\u65f6\u95f4\u586b\u5199\u672c\u95ee\u5377\uff0c\u8c22\u8c22\u60a8\u7684\u914d\u5408\uff01...","ChoiceOrder":[],"Validation":{"Settings":{"Type":"None"}},"GradingData":[],"Language":[],"QuestionID":"QID128","DisplayLogic":{"0":{"0":{"LogicType":"Question","QuestionID":"QID124","QuestionIsInLoop":"no","ChoiceLocator":"q:\/\/QID124\/SelectableChoice\/1","Operator":"Selected","QuestionIDFromLocator":"QID124","LeftOperand":"q:\/\/QID124\/SelectableChoice\/1","Type":"Expression","Description":"<span class=\"ConjDesc\">If<\/span> <span class=\"QuestionDesc\">\u60a8\u6240\u5904\u7684\u73af\u5883\u4f1a\u5f71\u54cd\u60a8\u51c6\u786e\u56de\u7b54\u540e\u7eed\u95ee\u9898\u5417\uff1f<\/span> <span class=\"LeftOpDesc\">\uf06e \u662f<\/span> <span class=\"OpDesc\">\u5df2\u9009\u5b9a<\/span> "},"1":{"LogicType":"Question","QuestionID":"QID125","QuestionIsInLoop":"no","ChoiceLocator":"q:\/\/QID125\/SelectableChoice\/1","Operator":"Selected","QuestionIDFromLocator":"QID125","LeftOperand":"q:\/\/QID125\/SelectableChoice\/1","Type":"Expression","Description":"<span class=\"ConjDesc\">Or<\/span> <span class=\"QuestionDesc\">\u60a8\u73b0\u5728\u6709\u522b\u7684\u4e8b\u60c5\u8981\u53bb\u5fd9\u5417\uff1f<\/span> <span class=\"LeftOpDesc\">\uf06e\t\u662f<\/span> <span class=\"OpDesc\">\u5df2\u9009\u5b9a<\/span> ","Conjuction":"Or"},"Type":"If"},"Type":"BooleanExpression","inPage":false},"QuestionText_Unsafe":"<span style=\"font-family: \u5b8b\u4f53; font-size: 19px;\">\u4e3a\u4e86\u4fdd\u8bc1\u7ed3\u679c\u7684\u771f\u5b9e\u53ef\u9760\uff0c\u8bf7\u60a8\u91cd\u65b0\u5b89\u6392\u4e00\u6b21\u65f6\u95f4\u586b\u5199\u672c\u95ee\u5377\uff0c\u8c22\u8c22\u60a8\u7684\u914d\u5408\uff01<\/span>"}},{"SurveyID":"SV_9uvLSLB8AtN8BfL","Element":"SQ","PrimaryAttribute":"QID99","SecondaryAttribute":"\u4e0b\u9762\u6536\u96c6\u5173\u4e8e\u4f60\u7684\u4e00\u4e9b\u57fa\u672c\u4fe1\u606f\uff0c\u6211\u4eec\u5c06\u4e25\u683c\u9075\u5faa\u4fdd\u5bc6\u534f\u8bae\uff0c\u4ec5\u5c06\u8fd9\u4e9b\u4fe1\u606f","TertiaryAttribute":null,"Payload":{"QuestionText":"\u4e0b\u9762\u6536\u96c6\u5173\u4e8e\u4f60\u7684\u4e00\u4e9b\u57fa\u672c\u4fe1\u606f\uff0c\u6211\u4eec\u5c06\u4e25\u683c\u9075\u5faa\u4fdd\u5bc6\u534f\u8bae\uff0c\u4ec5\u5c06\u8fd9\u4e9b\u4fe1\u606f\u7528\u4e8e\u79d1\u7814\u7528\u9014\u3002\u8bf7\u4f60\u8ba4\u771f\u4f5c\u7b54\uff01","DefaultChoices":false,"DataExportTag":"Q9","QuestionID":"QID99","QuestionType":"DB","Selector":"TB","Configuration":{"QuestionDescriptionOption":"UseText"},"QuestionDescription":"\u4e0b\u9762\u6536\u96c6\u5173\u4e8e\u4f60\u7684\u4e00\u4e9b\u57fa\u672c\u4fe1\u606f\uff0c\u6211\u4eec\u5c06\u4e25\u683c\u9075\u5faa\u4fdd\u5bc6\u534f\u8bae\uff0c\u4ec5\u5c06\u8fd9\u4e9b\u4fe1\u606f\u7528\u4e8e\u79d1\u7814\u7528\u9014\u3002\u8bf7\u4f60\u8ba4\u771f\u4f5c\u7b54\uff01...","ChoiceOrder":[],"Validation":{"Settings":{"Type":"None"}},"GradingData":[],"Language":[],"QuestionText_Unsafe":"\u4e0b\u9762\u6536\u96c6\u5173\u4e8e\u4f60\u7684\u4e00\u4e9b\u57fa\u672c\u4fe1\u606f\uff0c\u6211\u4eec\u5c06\u4e25\u683c\u9075\u5faa\u4fdd\u5bc6\u534f\u8bae\uff0c\u4ec5\u5c06\u8fd9\u4e9b\u4fe1\u606f\u7528\u4e8e\u79d1\u7814\u7528\u9014\u3002\u8bf7\u4f60\u8ba4\u771f\u4f5c\u7b54\uff01","DataVisibility":{"Private":false}}},{"SurveyID":"SV_9uvLSLB8AtN8BfL","Element":"SQ","PrimaryAttribute":"QID116","SecondaryAttribute":"\u4f60\u5728\u73b0\u5728\u6240\u5c45\u4f4f\u7684\u57ce\u5e02\u5f85\u4e86\u591a\u957f\u65f6\u95f4\u4e86\uff1f","TertiaryAttribute":null,"Payload":{"QuestionText":"\u4f60\u5728\u73b0\u5728\u6240\u5c45\u4f4f\u7684\u57ce\u5e02\u5f85\u4e86\u591a\u957f\u65f6\u95f4\u4e86\uff1f","DataExportTag":"Q19","QuestionType":"MC","Selector":"SAVR","SubSelector":"TX","Configuration":{"QuestionDescriptionOption":"UseText"},"QuestionDescription":"\u4f60\u5728\u73b0\u5728\u6240\u5c45\u4f4f\u7684\u57ce\u5e02\u5f85\u4e86\u591a\u957f\u65f6\u95f4\u4e86\uff1f","Choices":{"1":{"Display":"1\u5e74\u4ee5\u5185"},"2":{"Display":"1~3\u5e74\uff08\u4e0d\u5305\u542b3\u5e74\uff09"},"3":{"Display":"3~5\u5e74\uff08\u4e0d\u5305\u542b5\u5e74\uff09"},"4":{"Display":"5\u5e74\u4ee5\u4e0a"}},"ChoiceOrder":[1,2,3,4],"Validation":{"Settings":{"ForceResponse":"ON","ForceResponseType":"ON","Type":"None"}},"Language":[],"QuestionID":"QID116","QuestionText_Unsafe":"\u4f60\u5728\u73b0\u5728\u6240\u5c45\u4f4f\u7684\u57ce\u5e02\u5f85\u4e86\u591a\u957f\u65f6\u95f4\u4e86\uff1f"}},{"SurveyID":"SV_9uvLSLB8AtN8BfL","Element":"SQ","PrimaryAttribute":"QID192","SecondaryAttribute":"\u4f60\u7684\u611f\u60c5\u72b6\u51b5","TertiaryAttribute":null,"Payload":{"QuestionText":"\u4f60\u7684\u611f\u60c5\u72b6\u51b5","DefaultChoices":false,"DataExportTag":"Q14","QuestionType":"SBS","Selector":"SBSMatrix","Configuration":{"QuestionDescriptionOption":"UseText","RepeatHeaders":"none"},"QuestionDescription":"\u4f60\u7684\u611f\u60c5\u72b6\u51b5","Choices":{"1":{"Display":"\u5355\u8eab\t\t\t\t\t\t\t\t\t"},"2":{"Display":"\u604b\u7231\t\t\t\t\t\t\t\t\t"},"3":{"Display":"\u7ed3\u5a5a\t\t\t\t\t\t\t\t\t"},"4":{"Display":"\u79bb\u5f02\t\t\t\t\t\t\t\t\t"},"5":{"Display":"\u5206\u5c45"},"6":{"Display":"\u4e27\u5076"}},"ChoiceOrder":[1,2,3,4,5,6],"Validation":{"Settings":{"ForceResponse":"OFF","Type":"None"}},"GradingData":[],"Language":{"EN":{"Choices":{"5":{"Display":"\u5206\u5c45"}}}},"NumberOfQuestions":3,"AdditionalQuestions":{"1":{"QuestionText":"\u73b0\u5728","Answers":{"1":{"Display":"\u662f"}},"RecodeValues":[],"VariableNaming":[],"AnalyzeChoices":[],"QuestionType":"Matrix","Selector":"Likert","SubSelector":"SingleAnswer","ChoiceColumnWidthPixels":null,"DataExportTag":"Q90#1","Choices":{"1":{"Display":"\u5355\u8eab\t\t\t\t\t\t\t\t\t"},"2":{"Display":"\u604b\u7231\t\t\t\t\t\t\t\t\t"},"3":{"Display":"\u7ed3\u5a5a\t\t\t\t\t\t\t\t\t"},"4":{"Display":"\u79bb\u5f02\t\t\t\t\t\t\t\t\t"},"5":{"Display":"\u5206\u5c45"},"6":{"Display":"\u4e27\u5076"}},"ChoiceDataExportTags":false,"QuestionDescription":"\u73b0\u5728","Configuration":{"QuestionDescriptionOption":"UseText"},"QuestionID":"QID192#1"},"2":{"QuestionText":"\u4e00\u5e74\u524d","Answers":{"1":{"Display":"\u662f"}},"RecodeValues":[],"VariableNaming":[],"AnalyzeChoices":[],"QuestionType":"Matrix","Selector":"Likert","SubSelector":"SingleAnswer","ChoiceColumnWidthPixels":null,"DataExportTag":"Q90#2","Choices":{"1":{"Display":"\u5355\u8eab\t\t\t\t\t\t\t\t\t"},"2":{"Display":"\u604b\u7231\t\t\t\t\t\t\t\t\t"},"3":{"Display":"\u7ed3\u5a5a\t\t\t\t\t\t\t\t\t"},"4":{"Display":"\u79bb\u5f02\t\t\t\t\t\t\t\t\t"},"5":{"Display":"\u5206\u5c45"},"6":{"Display":"\u4e27\u5076"}},"ChoiceDataExportTags":false,"QuestionDescription":"\u4e00\u5e74\u524d","Configuration":{"QuestionDescriptionOption":"UseText"},"QuestionID":"QID192#2"},"3":{"QuestionText":"\u9884\u671f\u4e00\u5e74\u540e","Answers":{"1":{"Display":"\u662f"}},"RecodeValues":[],"VariableNaming":[],"AnalyzeChoices":[],"QuestionType":"Matrix","Selector":"Likert","SubSelector":"SingleAnswer","ChoiceColumnWidthPixels":null,"DataExportTag":"Q90#3","Choices":{"1":{"Display":"\u5355\u8eab\t\t\t\t\t\t\t\t\t"},"2":{"Display":"\u604b\u7231\t\t\t\t\t\t\t\t\t"},"3":{"Display":"\u7ed3\u5a5a\t\t\t\t\t\t\t\t\t"},"4":{"Display":"\u79bb\u5f02\t\t\t\t\t\t\t\t\t"},"5":{"Display":"\u5206\u5c45"},"6":{"Display":"\u4e27\u5076"}},"ChoiceDataExportTags":false,"QuestionDescription":"\u9884\u671f\u4e00\u5e74\u540e","Configuration":{"QuestionDescriptionOption":"UseText"},"QuestionID":"QID192#3"}},"ChoiceDataExportTags":false,"QuestionID":"QID192","QuestionText_Unsafe":"\u4f60\u7684\u611f\u60c5\u72b6\u51b5"}},{"SurveyID":"SV_9uvLSLB8AtN8BfL","Element":"SQ","PrimaryAttribute":"QID172","SecondaryAttribute":"\u4f60\u7684\u6027\u53d6\u5411\u662f","TertiaryAttribute":null,"Payload":{"QuestionText":"\u4f60\u7684\u6027\u53d6\u5411\u662f","DataExportTag":"Q12","QuestionType":"MC","Selector":"SAVR","SubSelector":"TX","Configuration":{"QuestionDescriptionOption":"UseText"},"QuestionDescription":"\u4f60\u7684\u6027\u53d6\u5411\u662f","Choices":{"1":{"Display":"\u540c\u6027\u604b"},"2":{"Display":"\u5f02\u6027\u604b"},"3":{"Display":"\u53cc\u6027\u604b"},"4":{"Display":"\u65e0\u6027\u604b"},"5":{"Display":"\u5176\u4ed6"}},"ChoiceOrder":[1,2,3,4,5],"Validation":{"Settings":{"ForceResponse":"ON","ForceResponseType":"ON","Type":"None"}},"Language":{"EN":{"Choices":{"2":{"Display":"\u53cc\u6027\u604b"}}}},"QuestionID":"QID172","DynamicChoicesData":[],"QuestionText_Unsafe":"\u4f60\u7684\u6027\u53d6\u5411\u662f"}},{"SurveyID":"SV_9uvLSLB8AtN8BfL","Element":"SQ","PrimaryAttribute":"QID92","SecondaryAttribute":"\u4f60\u7684\u6027\u522b\u662f","TertiaryAttribute":null,"Payload":{"QuestionText":"\u4f60\u7684\u6027\u522b\u662f","DefaultChoices":false,"DataExportTag":"Q10","QuestionID":"QID92","QuestionType":"MC","Selector":"SAVR","SubSelector":"TX","DataVisibility":{"Private":false},"Configuration":{"QuestionDescriptionOption":"UseText"},"QuestionDescription":"\u4f60\u7684\u6027\u522b\u662f","Choices":{"1":{"Display":"\u5973"},"2":{"Display":"\u7537"},"3":{"Display":"\u8de8\u6027\u522b\u8005"}},"ChoiceOrder":[1,2,3],"Validation":{"Settings":{"ForceResponse":"ON","ForceResponseType":"ON","Type":"None"}},"GradingData":[],"Language":[],"QuestionText_Unsafe":"\u4f60\u7684\u6027\u522b\u662f"}},{"SurveyID":"SV_9uvLSLB8AtN8BfL","Element":"SQ","PrimaryAttribute":"QID115","SecondaryAttribute":"\u4f60\u73b0\u5728\u5c45\u4f4f\u7684\u57ce\u5e02\u662f","TertiaryAttribute":null,"Payload":{"QuestionText":"\u4f60\u73b0\u5728\u5c45\u4f4f\u7684\u57ce\u5e02\u662f","DefaultChoices":false,"DataExportTag":"Q18","QuestionID":"QID115","QuestionType":"TE","Selector":"SL","Configuration":{"QuestionDescriptionOption":"UseText"},"QuestionDescription":"\u4f60\u73b0\u5728\u5c45\u4f4f\u7684\u57ce\u5e02\u662f","Validation":{"Settings":{"ForceResponse":"ON","ForceResponseType":"ON","Type":"None"}},"GradingData":[],"Language":[],"QuestionText_Unsafe":"\u4f60\u73b0\u5728\u5c45\u4f4f\u7684\u57ce\u5e02\u662f"}},{"SurveyID":"SV_9uvLSLB8AtN8BfL","Element":"SQ","PrimaryAttribute":"QID191","SecondaryAttribute":"\u4f60\u786e\u8ba4\u7406\u89e3\u4e86\u6307\u5bfc\u8bed\u5417\uff1f","TertiaryAttribute":null,"Payload":{"QuestionText":"\u4f60\u786e\u8ba4\u7406\u89e3\u4e86\u6307\u5bfc\u8bed\u5417\uff1f","DefaultChoices":false,"DataExportTag":"Q2","QuestionType":"MC","Selector":"SAVR","SubSelector":"TX","Configuration":{"QuestionDescriptionOption":"UseText"},"QuestionDescription":"\u4f60\u786e\u8ba4\u7406\u89e3\u4e86\u6307\u5bfc\u8bed\u5417\uff1f","Choices":{"1":{"Display":"\u662f"},"2":{"Display":"\u5426"}},"ChoiceOrder":[1,2],"Validation":{"Settings":{"ForceResponse":"ON","ForceResponseType":"ON","Type":"None"}},"GradingData":[],"Language":[],"QuestionID":"QID191","QuestionText_Unsafe":"\u4f60\u786e\u8ba4\u7406\u89e3\u4e86\u6307\u5bfc\u8bed\u5417\uff1f","DataVisibility":{"Private":false}}},{"SurveyID":"SV_9uvLSLB8AtN8BfL","Element":"SQ","PrimaryAttribute":"QID193","SecondaryAttribute":"\u4f60\u7236\u6bcd\u7684\u5a5a\u59fb\u72b6\u51b5","TertiaryAttribute":null,"Payload":{"QuestionText":"\u4f60\u7236\u6bcd\u7684\u5a5a\u59fb\u72b6\u51b5","DataExportTag":"Q15","QuestionType":"MC","Selector":"SAVR","SubSelector":"TX","Configuration":{"QuestionDescriptionOption":"UseText"},"QuestionDescription":"\u4f60\u7236\u6bcd\u7684\u5a5a\u59fb\u72b6\u51b5","Choices":{"1":{"Display":"\u597d"},"2":{"Display":"\u4e00\u822c"},"3":{"Display":"\u5dee"},"4":{"Display":"\u79bb\u5f02"},"5":{"Display":"\u5355\u4eb2"}},"ChoiceOrder":[1,2,3,4,5],"Validation":{"Settings":{"ForceResponse":"OFF","ForceResponseType":"ON","Type":"None"}},"Language":[],"QuestionID":"QID193","QuestionText_Unsafe":"\u4f60\u7236\u6bcd\u7684\u5a5a\u59fb\u72b6\u51b5"}},{"SurveyID":"SV_9uvLSLB8AtN8BfL","Element":"SQ","PrimaryAttribute":"QID94","SecondaryAttribute":"\u4f60\u76ee\u524d\u7684\u4f53\u91cd(kg)","TertiaryAttribute":null,"Payload":{"QuestionText":"\u4f60\u76ee\u524d\u7684\u4f53\u91cd(kg)","DefaultChoices":false,"DataExportTag":"Q17","QuestionType":"TE","Selector":"SL","Configuration":{"QuestionDescriptionOption":"UseText"},"QuestionDescription":"\u4f60\u76ee\u524d\u7684\u4f53\u91cd(kg)","Validation":{"Settings":{"ForceResponse":"ON","ForceResponseType":"ON","Type":"None"}},"GradingData":[],"Language":[],"QuestionID":"QID94","QuestionText_Unsafe":"\u4f60\u76ee\u524d\u7684\u4f53\u91cd(kg)","DataVisibility":{"Private":false}}},{"SurveyID":"SV_9uvLSLB8AtN8BfL","Element":"SQ","PrimaryAttribute":"QID93","SecondaryAttribute":"\u4f60\u76ee\u524d\u7684\u8eab\u9ad8\uff08cm\uff09","TertiaryAttribute":null,"Payload":{"QuestionText":"\u4f60\u76ee\u524d\u7684\u8eab\u9ad8\uff08cm\uff09","DefaultChoices":false,"DataExportTag":"Q16","QuestionType":"TE","Selector":"SL","Configuration":{"QuestionDescriptionOption":"UseText"},"QuestionDescription":"\u4f60\u76ee\u524d\u7684\u8eab\u9ad8\uff08cm\uff09","Validation":{"Settings":{"ForceResponse":"ON","ForceResponseType":"ON","Type":"None"}},"GradingData":[],"Language":[],"QuestionID":"QID93","QuestionText_Unsafe":"\u4f60\u76ee\u524d\u7684\u8eab\u9ad8\uff08cm\uff09","DataVisibility":{"Private":false}}},{"SurveyID":"SV_9uvLSLB8AtN8BfL","Element":"SQ","PrimaryAttribute":"QID195","SecondaryAttribute":"\u4f60\u662f\u54ea\u79cd\u8de8\u6027\u522b\u8005\uff1f","TertiaryAttribute":null,"Payload":{"QuestionText":"\u4f60\u662f\u54ea\u79cd\u8de8\u6027\u522b\u8005\uff1f","DefaultChoices":false,"DataExportTag":"Q11","QuestionType":"TE","Selector":"SL","Configuration":{"QuestionDescriptionOption":"UseText"},"QuestionDescription":"\u4f60\u662f\u54ea\u79cd\u8de8\u6027\u522b\u8005\uff1f","DisplayLogic":{"0":{"0":{"LogicType":"Question","QuestionID":"QID92","QuestionIsInLoop":"no","ChoiceLocator":"q:\/\/QID92\/SelectableChoice\/3","Operator":"Selected","QuestionIDFromLocator":"QID92","LeftOperand":"q:\/\/QID92\/SelectableChoice\/3","Type":"Expression","Description":"<span class=\"ConjDesc\">If<\/span> <span class=\"QuestionDesc\">\u4f60\u7684\u6027\u522b\u662f<\/span> <span class=\"LeftOpDesc\">\u8de8\u6027\u522b\u8005<\/span> <span class=\"OpDesc\">\u5df2\u9009\u5b9a<\/span> "},"Type":"If"},"Type":"BooleanExpression","inPage":false},"Validation":{"Settings":{"ForceResponse":"OFF","ForceResponseType":"ON","Type":"None"}},"GradingData":[],"Language":[],"QuestionID":"QID195","QuestionText_Unsafe":"\u4f60\u662f\u54ea\u79cd\u8de8\u6027\u522b\u8005\uff1f"}},{"SurveyID":"SV_9uvLSLB8AtN8BfL","Element":"SQ","PrimaryAttribute":"QID173","SecondaryAttribute":"\u5176\u4ed6\u5177\u4f53\u662f\u6307","TertiaryAttribute":null,"Payload":{"QuestionText":"\u5176\u4ed6\u5177\u4f53\u662f\u6307","DefaultChoices":false,"DataExportTag":"Q13","QuestionType":"TE","Selector":"SL","Configuration":{"QuestionDescriptionOption":"UseText"},"QuestionDescription":"\u5176\u4ed6\u5177\u4f53\u662f\u6307","DisplayLogic":{"0":{"0":{"LogicType":"Question","QuestionID":"QID172","QuestionIsInLoop":"no","ChoiceLocator":"q:\/\/QID172\/SelectableChoice\/5","Operator":"Selected","QuestionIDFromLocator":"QID172","LeftOperand":"q:\/\/QID172\/SelectableChoice\/5","Type":"Expression","Description":"<span class=\"ConjDesc\">If<\/span> <span class=\"QuestionDesc\">\u4f60\u7684\u6027\u53d6\u5411\u662f<\/span> <span class=\"LeftOpDesc\">\u5176\u4ed6<\/span> <span class=\"OpDesc\">\u5df2\u9009\u5b9a<\/span> "},"Type":"If"},"Type":"BooleanExpression","inPage":false},"Validation":{"Settings":{"ForceResponse":"OFF","ForceResponseType":"ON","Type":"None"}},"GradingData":[],"Language":[],"QuestionID":"QID173","QuestionText_Unsafe":"\u5176\u4ed6\u5177\u4f53\u662f\u6307"}},{"SurveyID":"SV_9uvLSLB8AtN8BfL","Element":"SQ","PrimaryAttribute":"QID51","SecondaryAttribute":"\u70b9\u51fb\u7f16\u5199\u95ee\u9898\u5185\u5bb9","TertiaryAttribute":null,"Payload":{"QuestionText":"\u70b9\u51fb\u7f16\u5199\u95ee\u9898\u5185\u5bb9","DefaultChoices":false,"DataExportTag":"Q39","QuestionType":"Matrix","Selector":"Likert","SubSelector":"SingleAnswer","Configuration":{"QuestionDescriptionOption":"UseText","TextPosition":"inline","ChoiceColumnWidth":25,"ChoiceColumnWidthPixels":276,"RepeatHeaders":"none","WhiteSpace":"OFF","MobileFirst":true},"QuestionDescription":"\u70b9\u51fb\u7f16\u5199\u95ee\u9898\u5185\u5bb9","Choices":{"1":{"Display":"\u6211\u53d1\u73b0\u6211\u5f88\u96be\u5b8c\u5168\u4fe1\u8d56\u522b\u4eba"},"2":{"Display":"\u60c5\u4fa3\u60f3\u8981\u6211\u5728\u60c5\u611f\u4e0a\u66f4\u4eb2\u8fd1\u4e00\u4e9b\uff0c\u8fd9\u5e38\u4f7f\u6211\u611f\u5230\u4e0d\u8212\u670d"},"3":{"Display":"\u6211\u4e0d\u80fd\u80af\u5b9a\uff0c\u5728\u6211\u9700\u8981\u7684\u65f6\u5019\uff0c\u603b\u627e\u5f97\u5230\u53ef\u4ee5\u4f9d\u8d56\u7684\u4eba"}},"ChoiceOrder":["1","2","3"],"Validation":{"Settings":{"ForceResponse":"ON","ForceResponseType":"ON","Type":"None"}},"GradingData":[],"Language":[],"Answers":{"1":{"Display":"\u5b8c\u5168\u4e0d\u7b26\u5408"},"2":{"Display":"\u8f83\u4e0d\u7b26\u5408"},"3":{"Display":"\u4e0d\u786e\u5b9a"},"4":{"Display":"\u8f83\u7b26\u5408"},"5":{"Display":"\u5b8c\u5168\u7b26\u5408"}},"AnswerOrder":[1,2,3,4,5],"ChoiceDataExportTags":false,"QuestionID":"QID51","RecodeValues":{"1":1,"2":2,"3":3,"4":4,"5":5},"QuestionText_Unsafe":"\u70b9\u51fb\u7f16\u5199\u95ee\u9898\u5185\u5bb9","DataVisibility":{"Private":false}}},{"SurveyID":"SV_9uvLSLB8AtN8BfL","Element":"SQ","PrimaryAttribute":"QID178","SecondaryAttribute":"\u70b9\u51fb\u7f16\u5199\u95ee\u9898\u5185\u5bb9","TertiaryAttribute":null,"Payload":{"QuestionText":"\u70b9\u51fb\u7f16\u5199\u95ee\u9898\u5185\u5bb9","DefaultChoices":false,"QuestionType":"Matrix","Selector":"Likert","SubSelector":"SingleAnswer","Configuration":{"QuestionDescriptionOption":"UseText","TextPosition":"inline","ChoiceColumnWidthPixels":334,"RepeatHeaders":"none","WhiteSpace":"OFF","MobileFirst":true},"QuestionDescription":"\u70b9\u51fb\u7f16\u5199\u95ee\u9898\u5185\u5bb9","Choices":{"1":{"Display":"\u6211\u901a\u5e38\u88ab\u5468\u56f4\u53d1\u751f\u7684\u4e8b\u6df1\u6df1\u6253\u52a8"},"2":{"Display":"\u6211\u76f8\u4fe1\u4efb\u4f55\u95ee\u9898\u90fd\u6709\u4e24\u4e2a\u65b9\u9762\u5e76\u529b\u56fe\u5168\u9762\u8003\u8651"},"3":{"Display":"\u6211\u89c9\u5f97\u6211\u662f\u4e00\u4e2a\u5fc3\u592a\u8f6f\u7684\u4eba"}},"ChoiceOrder":[1,2,3],"Validation":{"Settings":{"ForceResponse":"ON","ForceResponseType":"ON","Type":"None"}},"GradingData":[],"Language":[],"Answers":{"1":{"Display":"\u6781\u4e3a\u5408\u9002"},"2":{"Display":"\u6bd4\u8f83\u5408\u9002"},"3":{"Display":"\u4e0d\u786e\u5b9a"},"4":{"Display":"\u4e0d\u592a\u5408\u9002"},"5":{"Display":"\u6781\u4e0d\u5408\u9002"}},"AnswerOrder":[1,2,3,4,5],"ChoiceDataExportTags":false,"RecodeValues":{"1":"5","2":"4","3":"3","4":"2","5":5},"QuestionText_Unsafe":"\u70b9\u51fb\u7f16\u5199\u95ee\u9898\u5185\u5bb9","DataExportTag":"Q31","QuestionID":"QID178","DataVisibility":{"Private":false}}},{"SurveyID":"SV_9uvLSLB8AtN8BfL","Element":"SQ","PrimaryAttribute":"QID179","SecondaryAttribute":"\u70b9\u51fb\u7f16\u5199\u95ee\u9898\u5185\u5bb9","TertiaryAttribute":null,"Payload":{"QuestionText":"\u70b9\u51fb\u7f16\u5199\u95ee\u9898\u5185\u5bb9","DefaultChoices":false,"QuestionType":"Matrix","Selector":"Likert","SubSelector":"SingleAnswer","Configuration":{"QuestionDescriptionOption":"UseText","TextPosition":"inline","ChoiceColumnWidthPixels":334,"RepeatHeaders":"none","WhiteSpace":"OFF","MobileFirst":true},"QuestionDescription":"\u70b9\u51fb\u7f16\u5199\u95ee\u9898\u5185\u5bb9","Choices":{"1":{"Display":"\u5f53\u6211\u770b\u5230\u6709\u8da3\u7684\u6545\u4e8b\u6216\u8005\u5c0f\u8bf4\u7684\u65f6\u5019\uff0c\u6211\u5e38\u5e38\u4f1a\u611f\u89c9\u8eab\u4e34\u5176\u5883"},"2":{"Display":"\u5f53\u6211\u770b\u5230\u6709\u4eba\u5904\u4e8e\u7d27\u6025\u60c5\u51b5\u9700\u8981\u5e2e\u52a9\u65f6\uff0c\u6211\u5c31\u4f1a\u516d\u795e\u65e0\u4e3b"},"3":{"Display":"\u5728\u6279\u8bc4\u522b\u4eba\u4e4b\u524d\uff0c\u6211\u4f1a\u8bd5\u56fe\u8bbe\u8eab\u5904\u5730\u7684\u60f3\u4e00\u60f3"}},"ChoiceOrder":[1,2,3],"Validation":{"Settings":{"ForceResponse":"ON","ForceResponseType":"ON","Type":"None"}},"GradingData":[],"Language":[],"Answers":{"1":{"Display":"\u6781\u4e3a\u5408\u9002"},"2":{"Display":"\u6bd4\u8f83\u5408\u9002"},"3":{"Display":"\u4e0d\u786e\u5b9a"},"4":{"Display":"\u4e0d\u592a\u5408\u9002"},"5":{"Display":"\u6781\u4e0d\u5408\u9002"}},"AnswerOrder":[1,2,3,4,5],"ChoiceDataExportTags":false,"RecodeValues":{"1":"5","2":"4","3":"3","4":"2","5":"1"},"QuestionText_Unsafe":"\u70b9\u51fb\u7f16\u5199\u95ee\u9898\u5185\u5bb9","DataExportTag":"Q33","QuestionID":"QID179","DataVisibility":{"Private":false}}},{"SurveyID":"SV_9uvLSLB8AtN8BfL","Element":"SQ","PrimaryAttribute":"QID180","SecondaryAttribute":"\u70b9\u51fb\u7f16\u5199\u95ee\u9898\u5185\u5bb9","TertiaryAttribute":null,"Payload":{"QuestionText":"\u70b9\u51fb\u7f16\u5199\u95ee\u9898\u5185\u5bb9","DefaultChoices":false,"DataExportTag":"Q27","QuestionType":"Matrix","Selector":"Likert","SubSelector":"SingleAnswer","Configuration":{"QuestionDescriptionOption":"UseText","TextPosition":"inline","ChoiceColumnWidth":25,"RepeatHeaders":"none","WhiteSpace":"OFF","MobileFirst":true,"ChoiceColumnWidthPixels":328},"QuestionDescription":"\u70b9\u51fb\u7f16\u5199\u95ee\u9898\u5185\u5bb9","Choices":{"1":{"Display":"\u6211\u6709\u65f6\u5019\u4f1a\u60f3\u6253\u62b1\u4e0d\u5e73"},"2":{"Display":"\u5f3a\u70c8\u7684\u6c14\u6c1b\u6709\u65f6\u4f1a\u8ba9\u6211\u89c9\u5f97\u4e0d\u77e5\u6240\u63aa"},"3":{"Display":"\u6211\u6709\u65f6\u4f1a\u8bd5\u56fe\u4ece\u670b\u53cb\u7684\u89d2\u5ea6\u770b\u5f85\u4e8b\u60c5\u6765\u66f4\u597d\u7684\u7406\u89e3\u4ed6\u4eec"}},"ChoiceOrder":["1","2","3"],"Validation":{"Settings":{"ForceResponse":"OFF","ForceResponseType":"ON","Type":"None"}},"GradingData":[],"Language":[],"Answers":{"1":{"Display":"\u6781\u4e3a\u5408\u9002"},"2":{"Display":"\u6bd4\u8f83\u5408\u9002"},"3":{"Display":"\u4e0d\u786e\u5b9a"},"4":{"Display":"\u4e0d\u592a\u5408\u9002"},"5":{"Display":"\u6781\u4e0d\u5408\u9002"}},"AnswerOrder":[1,2,3,4,5],"ChoiceDataExportTags":false,"QuestionID":"QID180","QuestionText_Unsafe":"\u70b9\u51fb\u7f16\u5199\u95ee\u9898\u5185\u5bb9"}},{"SurveyID":"SV_9uvLSLB8AtN8BfL","Element":"SQ","PrimaryAttribute":"QID181","SecondaryAttribute":"\u70b9\u51fb\u7f16\u5199\u95ee\u9898\u5185\u5bb9","TertiaryAttribute":null,"Payload":{"QuestionText":"\u70b9\u51fb\u7f16\u5199\u95ee\u9898\u5185\u5bb9","DefaultChoices":false,"DataExportTag":"Q29","QuestionID":"QID181","QuestionType":"Matrix","Selector":"Likert","SubSelector":"SingleAnswer","Configuration":{"QuestionDescriptionOption":"UseText","TextPosition":"inline","ChoiceColumnWidth":25,"RepeatHeaders":"none","WhiteSpace":"OFF","MobileFirst":true,"ChoiceColumnWidthPixels":332},"QuestionDescription":"\u70b9\u51fb\u7f16\u5199\u95ee\u9898\u5185\u5bb9","Choices":{"1":{"Display":"\u522b\u4eba\u7684\u4e0d\u5e78\u901a\u5e38\u4e0d\u4f1a\u5bf9\u6211\u6709\u592a\u591a\u7684\u89e6\u52a8"},"2":{"Display":"\u5982\u679c\u6211\u786e\u4fe1\u6211\u662f\u5bf9\u7684\uff0c\u6211\u4e0d\u4f1a\u6d6a\u8d39\u592a\u591a\u65f6\u95f4\u53bb\u542c\u522b\u4eba\u7684\u8bf4\u8f9e"},"3":{"Display":"\u770b\u620f\u6216\u8005\u770b\u7535\u5f71\u540e\uff0c\u6211\u4f1a\u89c9\u5f97\u6211\u5c31\u662f\u5176\u4e2d\u7684\u67d0\u4e2a\u89d2\u8272"}},"ChoiceOrder":["1","2","3"],"Validation":{"Settings":{"ForceResponse":"OFF","ForceResponseType":"ON","Type":"None"}},"GradingData":[],"Language":{"EN":{"Answers":{"5":{"Display":"\u6781\u4e0d\u5408\u9002"}}}},"Answers":{"1":{"Display":"\u6781\u4e3a\u5408\u9002"},"2":{"Display":"\t\u6bd4\u8f83\u5408\u9002"},"3":{"Display":"\t\u4e0d\u786e\u5b9a"},"4":{"Display":"\t\u4e0d\u592a\u5408\u9002"},"5":{"Display":"\t\u6781\u4e0d\u5408\u9002"}},"AnswerOrder":[1,2,3,4,5],"ChoiceDataExportTags":false,"QuestionText_Unsafe":"\u70b9\u51fb\u7f16\u5199\u95ee\u9898\u5185\u5bb9"}},{"SurveyID":"SV_9uvLSLB8AtN8BfL","Element":"SQ","PrimaryAttribute":"QID183","SecondaryAttribute":"\u70b9\u51fb\u7f16\u5199\u95ee\u9898\u5185\u5bb9","TertiaryAttribute":null,"Payload":{"QuestionText":"\u70b9\u51fb\u7f16\u5199\u95ee\u9898\u5185\u5bb9","DefaultChoices":false,"DataExportTag":"Q35","QuestionType":"Matrix","Selector":"Likert","SubSelector":"SingleAnswer","Configuration":{"QuestionDescriptionOption":"UseText","TextPosition":"inline","ChoiceColumnWidth":25,"RepeatHeaders":"none","WhiteSpace":"OFF","MobileFirst":true,"ChoiceColumnWidthPixels":264},"QuestionDescription":"\u70b9\u51fb\u7f16\u5199\u95ee\u9898\u5185\u5bb9","Choices":{"1":{"Display":"\u6211\u53d1\u73b0\u522b\u4eba\u5e76\u4e0d\u613f\u60f3\u6211\u5e0c\u671b\u7684\u90a3\u6837\u4eb2\u8fd1\u6211"},"2":{"Display":"\u80fd\u4f9d\u8d56\u522b\u4eba\u8ba9\u6211\u611f\u5230\u5f88\u8212\u670d"},"3":{"Display":"\u6211\u4e0d\u5728\u4e4e\u522b\u4eba\u592a\u4eb2\u8fd1\u6211"}},"ChoiceOrder":["1","2","3"],"Validation":{"Settings":{"ForceResponse":"ON","ForceResponseType":"ON","Type":"None"}},"GradingData":[],"Language":{"EN":{"Answers":{"5":{"Display":"\u5b8c\u5168\u7b26\u5408"}}}},"Answers":{"1":{"Display":"\u5b8c\u5168\u4e0d\u7b26\u5408"},"2":{"Display":"\t\u8f83\u4e0d\u7b26\u5408"},"3":{"Display":"\t\u4e0d\u786e\u5b9a"},"4":{"Display":"\t\u8f83\u7b26\u5408"},"5":{"Display":"\t\u5b8c\u5168\u7b26\u5408"}},"AnswerOrder":[1,2,3,4,5],"ChoiceDataExportTags":false,"QuestionID":"QID183","QuestionText_Unsafe":"\u70b9\u51fb\u7f16\u5199\u95ee\u9898\u5185\u5bb9"}},{"SurveyID":"SV_9uvLSLB8AtN8BfL","Element":"SQ","PrimaryAttribute":"QID186","SecondaryAttribute":"\u70b9\u51fb\u7f16\u5199\u95ee\u9898\u5185\u5bb9","TertiaryAttribute":null,"Payload":{"QuestionText":"\u70b9\u51fb\u7f16\u5199\u95ee\u9898\u5185\u5bb9","DefaultChoices":false,"DataExportTag":"Q37","QuestionType":"Matrix","Selector":"Likert","SubSelector":"SingleAnswer","Configuration":{"QuestionDescriptionOption":"UseText","TextPosition":"inline","ChoiceColumnWidth":25,"RepeatHeaders":"none","WhiteSpace":"OFF","MobileFirst":true,"ChoiceColumnWidthPixels":285},"QuestionDescription":"\u70b9\u51fb\u7f16\u5199\u95ee\u9898\u5185\u5bb9","Choices":{"1":{"Display":"\u5f53\u6211\u5bf9\u522b\u4eba\u8868\u8fbe\u6211\u7684\u60c5\u611f\u65f6\uff0c\u6211\u5bb3\u6015\u4ed6\u4eec\u4e0e\u6211\u7684\u611f\u89c9\u4f1a\u4e0d\u4e00\u6837"},"2":{"Display":"\u6211\u65f6\u5e38\u6000\u7591\u60c5\u4fa3\u662f\u5426\u771f\u6b63\u5173\u5fc3\u6211"},"3":{"Display":"\u6211\u5bf9\u522b\u4eba\u5efa\u7acb\u4eb2\u5bc6\u7684\u5173\u7cfb\u611f\u5230\u5f88\u8212\u670d"}},"ChoiceOrder":["1","2","3"],"Validation":{"Settings":{"ForceResponse":"ON","ForceResponseType":"ON","Type":"None"}},"GradingData":[],"Language":{"EN":{"Answers":{"5":{"Display":"\u5b8c\u5168\u7b26\u5408"}}}},"Answers":{"1":{"Display":"\u5b8c\u5168\u4e0d\u7b26\u5408"},"2":{"Display":"\t\u8f83\u4e0d\u7b26\u5408"},"3":{"Display":"\t\u4e0d\u786e\u5b9a"},"4":{"Display":"\t\u8f83\u7b26\u5408"},"5":{"Display":"\t\u5b8c\u5168\u7b26\u5408"}},"AnswerOrder":[1,2,3,4,5],"ChoiceDataExportTags":false,"QuestionID":"QID186","QuestionText_Unsafe":"\u70b9\u51fb\u7f16\u5199\u95ee\u9898\u5185\u5bb9"}},{"SurveyID":"SV_9uvLSLB8AtN8BfL","Element":"SQ","PrimaryAttribute":"QID127","SecondaryAttribute":"\u8bf7\u586b\u5199\u60a8\u6b63\u5728\u4f7f\u7528\u7684\u8bbe\u5907","TertiaryAttribute":null,"Payload":{"QuestionText":"<span style=\"font-size:16px;\">\u8bf7\u586b\u5199\u60a8\u6b63\u5728\u4f7f\u7528\u7684\u8bbe\u5907<\/span>","DefaultChoices":false,"DataExportTag":"Q7","QuestionType":"TE","Selector":"SL","Configuration":{"QuestionDescriptionOption":"UseText"},"QuestionDescription":"\u8bf7\u586b\u5199\u60a8\u6b63\u5728\u4f7f\u7528\u7684\u8bbe\u5907","Validation":{"Settings":{"ForceResponse":"ON","ForceResponseType":"ON","Type":"None"}},"GradingData":[],"Language":[],"QuestionID":"QID127","DisplayLogic":{"0":{"0":{"LogicType":"Question","QuestionID":"QID126","QuestionIsInLoop":"no","ChoiceLocator":"q:\/\/QID126\/SelectableChoice\/4","Operator":"Selected","QuestionIDFromLocator":"QID126","LeftOperand":"q:\/\/QID126\/SelectableChoice\/4","Type":"Expression","Description":"<span class=\"ConjDesc\">If<\/span> <span class=\"QuestionDesc\">\u60a8\u73b0\u5728\u4f7f\u7528\u4ec0\u4e48\u8bbe\u5907\u586b\u5199\u672c\u95ee\u5377\uff1f<\/span> <span class=\"LeftOpDesc\">\uf06e \u5176\u4ed6<\/span> <span class=\"OpDesc\">\u5df2\u9009\u5b9a<\/span> "},"Type":"If"},"Type":"BooleanExpression","inPage":false},"QuestionText_Unsafe":"<span style=\"font-size:16px;\">\u8bf7\u586b\u5199\u60a8\u6b63\u5728\u4f7f\u7528\u7684\u8bbe\u5907<\/span>"}},{"SurveyID":"SV_9uvLSLB8AtN8BfL","Element":"SQ","PrimaryAttribute":"QID132","SecondaryAttribute":"\u8bf7\u4f30\u7b97\u60a8\u7684\u6708\u6536\u5165\uff08\u5355\u4f4d\/\u5143\uff09","TertiaryAttribute":null,"Payload":{"QuestionText":"<span style=\"font-size: 16px;\">\u8bf7\u4f30\u7b97\u60a8\u7684\u6708\u6536\u5165\uff08\u5355\u4f4d\/\u5143\uff09<\/span>","DataExportTag":"Q25","QuestionType":"MC","Selector":"SAHR","SubSelector":"TX","Configuration":{"QuestionDescriptionOption":"UseText","NumColumns":2,"LabelPosition":"BELOW"},"QuestionDescription":"\u8bf7\u4f30\u7b97\u60a8\u7684\u6708\u6536\u5165\uff08\u5355\u4f4d\/\u5143\uff09","Choices":{"1":{"Display":"\uffe50-2,000"},"2":{"Display":"\uffe52,000- \uffe55,000"},"3":{"Display":"\uffe55,000 - \uffe510,000"},"4":{"Display":"\uffe510,000\u4ee5\u4e0a"}},"ChoiceOrder":[1,2,3,4],"Validation":{"Settings":{"ForceResponse":"ON","ForceResponseType":"ON","Type":"None"}},"RecodeValues":{"1":"1","2":"2","3":"3","4":4},"Language":[],"QuestionID":"QID132","QuestionText_Unsafe":"<span style=\"font-size: 16px;\">\u8bf7\u4f30\u7b97\u60a8\u7684\u6708\u6536\u5165\uff08\u5355\u4f4d\/\u5143\uff09<\/span>","DataVisibility":{"Private":false}}},{"SurveyID":"SV_9uvLSLB8AtN8BfL","Element":"SQ","PrimaryAttribute":"QID198","SecondaryAttribute":"\u8bf7\u786e\u5b9a\u4f60\u5df2\u7ecf\u5b8c\u5168\u7406\u89e3\u6307\u5bfc\u8bed\u3002","TertiaryAttribute":null,"Payload":{"QuestionText":"\u8bf7\u786e\u5b9a\u4f60\u5df2\u7ecf\u5b8c\u5168\u7406\u89e3\u6307\u5bfc\u8bed\u3002","DataExportTag":"Q2","QuestionType":"MC","Selector":"SAVR","SubSelector":"TX","Configuration":{"QuestionDescriptionOption":"UseText"},"QuestionDescription":"\u8bf7\u786e\u5b9a\u4f60\u5df2\u7ecf\u5b8c\u5168\u7406\u89e3\u6307\u5bfc\u8bed\u3002","Choices":{"1":{"Display":"\u6211\u786e\u8ba4\uff0c\u5e76\u4fdd\u8bc1\u6211\u4f1a\u8ba4\u771f\u5b8c\u6210\u95ee\u5377\u3002"},"2":{"Display":"\u6211\u597d\u50cf\u8fd8\u4e0d\u592a\u7406\u89e3\u6307\u5bfc\u8bed\u3002"}},"ChoiceOrder":[1,2],"Validation":{"Settings":{"ForceResponse":"OFF","ForceResponseType":"ON","Type":"None"}},"Language":[],"QuestionID":"QID198","QuestionText_Unsafe":"\u8bf7\u786e\u5b9a\u4f60\u5df2\u7ecf\u5b8c\u5168\u7406\u89e3\u6307\u5bfc\u8bed\u3002"}},{"SurveyID":"SV_9uvLSLB8AtN8BfL","Element":"SQ","PrimaryAttribute":"QID49","SecondaryAttribute":"\u8bf7\u9605\u8bfb\u4e0b\u5217\u9648\u8ff0\uff0c\u5e76\u8861\u91cf\u8fd9\u4e9b\u9648\u8ff0\u591a\u5927\u7a0b\u5ea6\u4e0a\u4e0e\u4f60\u5bf9\u60c5\u611f\u5173\u7cfb\u7684\u611f\u53d7\u7b26\u5408\u3002 ","TertiaryAttribute":null,"Payload":{"QuestionText":"\u8bf7\u9605\u8bfb\u4e0b\u5217\u9648\u8ff0\uff0c\u5e76\u8861\u91cf\u8fd9\u4e9b\u9648\u8ff0\u591a\u5927\u7a0b\u5ea6\u4e0a\u4e0e\u4f60\u5bf9\u60c5\u611f\u5173\u7cfb\u7684\u611f\u53d7\u7b26\u5408\u3002<div>\u8bf7\u8003\u8651\u4f60\u7684\u6240\u6709\u5173\u7cfb\uff08\u8fc7\u53bb\u7684\u548c\u73b0\u5728\u7684\uff09\uff0c\u5e76\u6839\u636e\u4f60\u7684\u5b9e\u9645\u611f\u53d7\u6765\u56de\u7b54\u3002<\/div>","DefaultChoices":false,"DataExportTag":"Q36","QuestionType":"Matrix","Selector":"Likert","SubSelector":"SingleAnswer","Configuration":{"QuestionDescriptionOption":"UseText","TextPosition":"inline","ChoiceColumnWidth":25,"ChoiceColumnWidthPixels":280,"RepeatHeaders":"none","WhiteSpace":"OFF","MobileFirst":true},"QuestionDescription":"\u8bf7\u9605\u8bfb\u4e0b\u5217\u9648\u8ff0\uff0c\u5e76\u8861\u91cf\u8fd9\u4e9b\u9648\u8ff0\u591a\u5927\u7a0b\u5ea6\u4e0a\u4e0e\u4f60\u5bf9\u60c5\u611f\u5173\u7cfb\u7684\u611f\u53d7\u7b26\u5408\u3002 \u8bf7\u8003\u8651\u4f60\u7684\u6240\u6709\u5173\u7cfb\uff08\u8fc7\u53bb\u7684\u548c\u73b0\u5728\u7684\uff09\uff0c\u5e76\u6839\u636e\u4f60\u7684\u5b9e\u9645\u611f\u53d7\u6765\u56de\u7b54\u3002...","Choices":{"1":{"Display":"\u6211\u53d1\u73b0\u5f53\u6211\u9700\u8981\u522b\u4eba\u5e2e\u52a9\u65f6\uff0c\u6ca1\u4eba\u4f1a\u5e2e\u6211"},"2":{"Display":"\u548c\u522b\u4eba\u4eb2\u8fd1\u4f7f\u6211\u611f\u5230\u6709\u4e9b\u4e0d\u8212\u670d"},"3":{"Display":"\u6211\u65f6\u5e38\u62c5\u5fc3\u60c5\u4fa3\u4e0d\u60f3\u548c\u6211\u5728\u4e00\u8d77"}},"ChoiceOrder":[1,2,3],"Validation":{"Settings":{"ForceResponse":"ON","ForceResponseType":"ON","Type":"None"}},"GradingData":[],"Language":{"EN":{"Choices":{"1":{"Display":"\u5f53\u6211\u5bf9\u522b\u4eba\u8868\u8fbe\u6211\u7684\u60c5\u611f\u65f6\uff0c\u6211\u5bb3\u6015\u4ed6\u4eec\u4e0e\u6211\u7684\u611f\u89c9\u4f1a\u4e0d\u4e00\u6837"},"3":{"Display":"\u6211\u65f6\u5e38\u62c5\u5fc3\u60c5\u4fa3\u4e0d\u60f3\u548c\u6211\u5728\u4e00\u8d77"}}}},"Answers":{"1":{"Display":"\u5b8c\u5168\u4e0d\u7b26\u5408"},"2":{"Display":"\u8f83\u4e0d\u7b26\u5408"},"3":{"Display":"\u4e0d\u786e\u5b9a"},"4":{"Display":"\u8f83\u7b26\u5408"},"5":{"Display":"\u5b8c\u5168\u7b26\u5408"}},"AnswerOrder":[1,2,3,4,5],"ChoiceDataExportTags":false,"QuestionID":"QID49","RecodeValues":{"1":1,"2":2,"3":3,"4":4,"5":5},"QuestionText_Unsafe":"\u8bf7\u9605\u8bfb\u4e0b\u5217\u9648\u8ff0\uff0c\u5e76\u8861\u91cf\u8fd9\u4e9b\u9648\u8ff0\u591a\u5927\u7a0b\u5ea6\u4e0a\u4e0e\u4f60\u5bf9\u60c5\u611f\u5173\u7cfb\u7684\u611f\u53d7\u7b26\u5408\u3002<div>\u8bf7\u8003\u8651\u4f60\u7684\u6240\u6709\u5173\u7cfb\uff08\u8fc7\u53bb\u7684\u548c\u73b0\u5728\u7684\uff09\uff0c\u5e76\u6839\u636e\u4f60\u7684\u5b9e\u9645\u611f\u53d7\u6765\u56de\u7b54\u3002<\/div>","DataVisibility":{"Private":false}}},{"SurveyID":"SV_9uvLSLB8AtN8BfL","Element":"SQ","PrimaryAttribute":"QID50","SecondaryAttribute":"\u8bf7\u9605\u8bfb\u4e0b\u5217\u9648\u8ff0\uff0c\u5e76\u8861\u91cf\u8fd9\u4e9b\u9648\u8ff0\u591a\u5927\u7a0b\u5ea6\u4e0a\u4e0e\u4f60\u5bf9\u60c5\u611f\u5173\u7cfb\u7684\u611f\u53d7\u7b26\u5408\u3002 ","TertiaryAttribute":null,"Payload":{"QuestionText":"\u8bf7\u9605\u8bfb\u4e0b\u5217\u9648\u8ff0\uff0c\u5e76\u8861\u91cf\u8fd9\u4e9b\u9648\u8ff0\u591a\u5927\u7a0b\u5ea6\u4e0a\u4e0e\u4f60\u5bf9\u60c5\u611f\u5173\u7cfb\u7684\u611f\u53d7\u7b26\u5408\u3002<div>\u8bf7\u8003\u8651\u4f60\u7684\u6240\u6709\u5173\u7cfb\uff08\u8fc7\u53bb\u7684\u548c\u73b0\u5728\u7684\uff09\uff0c\u5e76\u6839\u636e\u4f60\u7684\u5b9e\u9645\u611f\u53d7\u6765\u56de\u7b54\u3002<\/div>","DefaultChoices":false,"DataExportTag":"Q38","QuestionType":"Matrix","Selector":"Likert","SubSelector":"SingleAnswer","Configuration":{"QuestionDescriptionOption":"UseText","TextPosition":"inline","ChoiceColumnWidth":25,"ChoiceColumnWidthPixels":281,"RepeatHeaders":"none","WhiteSpace":"OFF","MobileFirst":true},"QuestionDescription":"\u8bf7\u9605\u8bfb\u4e0b\u5217\u9648\u8ff0\uff0c\u5e76\u8861\u91cf\u8fd9\u4e9b\u9648\u8ff0\u591a\u5927\u7a0b\u5ea6\u4e0a\u4e0e\u4f60\u5bf9\u60c5\u611f\u5173\u7cfb\u7684\u611f\u53d7\u7b26\u5408\u3002 \u8bf7\u8003\u8651\u4f60\u7684\u6240\u6709\u5173\u7cfb\uff08\u8fc7\u53bb\u7684\u548c\u73b0\u5728\u7684\uff09\uff0c\u5e76\u6839\u636e\u4f60\u7684\u5b9e\u9645\u611f\u53d7\u6765\u56de\u7b54\u3002...","Choices":{"1":{"Display":"\u5f53\u6709\u4eba\u5728\u60c5\u611f\u4e0a\u592a\u4eb2\u8fd1\u6211\uff0c\u6211\u611f\u5230\u4e0d\u8212\u670d"},"2":{"Display":"\u6211\u77e5\u9053\u5f53\u6211\u9700\u8981\u522b\u4eba\u5e2e\u52a9\u65f6\uff0c\u603b\u6709\u4eba\u4f1a\u5e2e\u6211"},"3":{"Display":"\u6211\u60f3\u4e0e\u4eba\u4eb2\u8fd1\uff0c\u4f46\u62c5\u5fc3\u81ea\u5df1\u4f1a\u53d7\u5230\u4f24\u5bb3"}},"ChoiceOrder":[1,2,3],"Validation":{"Settings":{"ForceResponse":"ON","ForceResponseType":"ON","Type":"None"}},"GradingData":[],"Language":[],"Answers":{"1":{"Display":"\u5b8c\u5168\u4e0d\u7b26\u5408"},"2":{"Display":"\u8f83\u4e0d\u7b26\u5408"},"3":{"Display":"\u4e0d\u786e\u5b9a"},"4":{"Display":"\u8f83\u7b26\u5408"},"5":{"Display":"\u5b8c\u5168\u7b26\u5408"}},"AnswerOrder":[1,2,3,4,5],"ChoiceDataExportTags":false,"QuestionID":"QID50","RecodeValues":{"1":1,"2":2,"3":3,"4":4,"5":5},"QuestionText_Unsafe":"\u8bf7\u9605\u8bfb\u4e0b\u5217\u9648\u8ff0\uff0c\u5e76\u8861\u91cf\u8fd9\u4e9b\u9648\u8ff0\u591a\u5927\u7a0b\u5ea6\u4e0a\u4e0e\u4f60\u5bf9\u60c5\u611f\u5173\u7cfb\u7684\u611f\u53d7\u7b26\u5408\u3002<div>\u8bf7\u8003\u8651\u4f60\u7684\u6240\u6709\u5173\u7cfb\uff08\u8fc7\u53bb\u7684\u548c\u73b0\u5728\u7684\uff09\uff0c\u5e76\u6839\u636e\u4f60\u7684\u5b9e\u9645\u611f\u53d7\u6765\u56de\u7b54\u3002<\/div>","DataVisibility":{"Private":false}}},{"SurveyID":"SV_9uvLSLB8AtN8BfL","Element":"SQ","PrimaryAttribute":"QID118","SecondaryAttribute":"\u8bf7\u9605\u8bfb\u4e0b\u5217\u9648\u8ff0\uff0c\u5e76\u8861\u91cf\u8fd9\u4e9b\u9648\u8ff0\u591a\u5927\u7a0b\u5ea6\u4e0a\u4e0e\u4f60\u5bf9\u60c5\u611f\u5173\u7cfb\u7684\u611f\u53d7\u7b26\u5408\u3002 ","TertiaryAttribute":null,"Payload":{"QuestionText":"\u8bf7\u9605\u8bfb\u4e0b\u5217\u9648\u8ff0\uff0c\u5e76\u8861\u91cf\u8fd9\u4e9b\u9648\u8ff0\u591a\u5927\u7a0b\u5ea6\u4e0a\u4e0e\u4f60\u5bf9\u60c5\u611f\u5173\u7cfb\u7684\u611f\u53d7\u7b26\u5408\u3002<div>\u8bf7\u8003\u8651\u4f60\u7684\u6240\u6709\u5173\u7cfb\uff08\u8fc7\u53bb\u7684\u548c\u73b0\u5728\u7684\uff09\uff0c\u5e76\u6839\u636e\u4f60\u7684\u5b9e\u9645\u611f\u53d7\u6765\u56de\u7b54\u3002<\/div>","DefaultChoices":false,"DataExportTag":"Q34","QuestionType":"Matrix","Selector":"Likert","SubSelector":"SingleAnswer","Configuration":{"QuestionDescriptionOption":"UseText","TextPosition":"inline","ChoiceColumnWidth":25,"RepeatHeaders":"none","WhiteSpace":"OFF","MobileFirst":true,"ChoiceColumnWidthPixels":264},"QuestionDescription":"\u8bf7\u9605\u8bfb\u4e0b\u5217\u9648\u8ff0\uff0c\u5e76\u8861\u91cf\u8fd9\u4e9b\u9648\u8ff0\u591a\u5927\u7a0b\u5ea6\u4e0a\u4e0e\u4f60\u5bf9\u60c5\u611f\u5173\u7cfb\u7684\u611f\u53d7\u7b26\u5408\u3002 \u8bf7\u8003\u8651\u4f60\u7684\u6240\u6709\u5173\u7cfb\uff08\u8fc7\u53bb\u7684\u548c\u73b0\u5728\u7684\uff09\uff0c\u5e76\u6839\u636e\u4f60\u7684\u5b9e\u9645\u611f\u53d7\u6765\u56de\u7b54\u3002...","Choices":{"1":{"Display":"\u6211\u53d1\u73b0\u4e0e\u4eba\u4eb2\u8fd1\u6bd4\u8f83\u5bb9\u6613"},"2":{"Display":"\u6211\u53d1\u73b0\u8981\u6211\u53bb\u4f9d\u8d56\u522b\u4eba\u5f88\u56f0\u96be"},"3":{"Display":"\u6211\u65f6\u5e38\u62c5\u5fc3\u60c5\u4fa3\u5e76\u4e0d\u7231\u6211"}},"ChoiceOrder":[1,2,3],"Validation":{"Settings":{"ForceResponse":"ON","ForceResponseType":"ON","Type":"None"}},"GradingData":[],"Language":[],"Answers":{"1":{"Display":"\u5b8c\u5168\u4e0d\u7b26\u5408"},"2":{"Display":"\u8f83\u4e0d\u7b26\u5408"},"3":{"Display":"\u4e0d\u786e\u5b9a"},"4":{"Display":"\u8f83\u7b26\u5408"},"5":{"Display":"\u5b8c\u5168\u7b26\u5408"}},"AnswerOrder":["1","2","3","4","5"],"ChoiceDataExportTags":false,"QuestionID":"QID118","RecodeValues":{"1":"1","2":"2","3":"3","4":"4","5":"5"},"QuestionText_Unsafe":"\u8bf7\u9605\u8bfb\u4e0b\u5217\u9648\u8ff0\uff0c\u5e76\u8861\u91cf\u8fd9\u4e9b\u9648\u8ff0\u591a\u5927\u7a0b\u5ea6\u4e0a\u4e0e\u4f60\u5bf9\u60c5\u611f\u5173\u7cfb\u7684\u611f\u53d7\u7b26\u5408\u3002<div>\u8bf7\u8003\u8651\u4f60\u7684\u6240\u6709\u5173\u7cfb\uff08\u8fc7\u53bb\u7684\u548c\u73b0\u5728\u7684\uff09\uff0c\u5e76\u6839\u636e\u4f60\u7684\u5b9e\u9645\u611f\u53d7\u6765\u56de\u7b54\u3002<\/div>","DataVisibility":{"Private":false}}},{"SurveyID":"SV_9uvLSLB8AtN8BfL","Element":"SQ","PrimaryAttribute":"QID196","SecondaryAttribute":"\u8bf7\u91cd\u65b0\u9605\u8bfb\u6307\u5bfc\u8bed\u3002","TertiaryAttribute":null,"Payload":{"QuestionText":"\u8bf7\u91cd\u65b0\u9605\u8bfb\u6307\u5bfc\u8bed\u3002","DefaultChoices":false,"DataExportTag":"Q94","QuestionType":"DB","Selector":"TB","Configuration":{"QuestionDescriptionOption":"UseText"},"QuestionDescription":"\u8bf7\u91cd\u65b0\u9605\u8bfb\u6307\u5bfc\u8bed\u3002","ChoiceOrder":[],"Validation":{"Settings":{"Type":"None"}},"GradingData":[],"Language":[],"QuestionID":"QID196"}},{"SurveyID":"SV_9uvLSLB8AtN8BfL","Element":"SQ","PrimaryAttribute":"QID197","SecondaryAttribute":"\u8bf7\u91cd\u65b0\u9605\u8bfb\u6307\u5bfc\u8bed\u3002","TertiaryAttribute":null,"Payload":{"QuestionText":"\u8bf7\u91cd\u65b0\u9605\u8bfb\u6307\u5bfc\u8bed\u3002","DefaultChoices":false,"DataExportTag":"Q95","QuestionType":"DB","Selector":"TB","Configuration":{"QuestionDescriptionOption":"UseText"},"QuestionDescription":"\u8bf7\u91cd\u65b0\u9605\u8bfb\u6307\u5bfc\u8bed\u3002","ChoiceOrder":[],"Validation":{"Settings":{"Type":"None"}},"GradingData":[],"Language":[],"QuestionID":"QID197"}},{"SurveyID":"SV_9uvLSLB8AtN8BfL","Element":"SQ","PrimaryAttribute":"QID176","SecondaryAttribute":"\u8bf7\u6307\u51fa\u6bcf\u4e2a\u9648\u8ff0\u7b26\u5408\u4f60\u7684\u7a0b\u5ea6\u3002\u8bf7\u6307\u51fa\u6bcf\u4e2a\u9648\u8ff0\u7b26\u5408\u4f60\u7684\u7a0b\u5ea6\u3002\u6bcf\u4e2a\u9898\u76ee\u65e0","TertiaryAttribute":null,"Payload":{"QuestionText":"\u8bf7\u6307\u51fa\u6bcf\u4e2a\u9648\u8ff0\u7b26\u5408\u4f60\u7684\u7a0b\u5ea6\u3002\u8bf7\u6307\u51fa\u6bcf\u4e2a\u9648\u8ff0\u7b26\u5408\u4f60\u7684\u7a0b\u5ea6\u3002\u6bcf\u4e2a\u9898\u76ee\u65e0\u9700\u505a\u8fc7\u591a\u7684\u601d\u8003\uff0c\u51ed\u7b2c\u4e00\u53cd\u5e94\u505a\u51fa\u9009\u62e9\uff0c\u6bcf\u4e2a\u9898\u76ee\u7b54\u6848\u6ca1\u6709\u6b63\u8bef\u4e4b\u5206\u3002","DefaultChoices":false,"QuestionType":"Matrix","Selector":"Likert","SubSelector":"SingleAnswer","Configuration":{"QuestionDescriptionOption":"UseText","TextPosition":"inline","ChoiceColumnWidthPixels":334,"RepeatHeaders":"none","WhiteSpace":"OFF","MobileFirst":true},"QuestionDescription":"\u8bf7\u6307\u51fa\u6bcf\u4e2a\u9648\u8ff0\u7b26\u5408\u4f60\u7684\u7a0b\u5ea6\u3002\u8bf7\u6307\u51fa\u6bcf\u4e2a\u9648\u8ff0\u7b26\u5408\u4f60\u7684\u7a0b\u5ea6\u3002\u6bcf\u4e2a\u9898\u76ee\u65e0\u9700\u505a\u8fc7\u591a\u7684\u601d\u8003\uff0c\u51ed\u7b2c\u4e00\u53cd\u5e94\u505a\u51fa\u9009\u62e9\uff0c\u6bcf\u4e2a\u9898\u76ee\u7b54\u6848\u6ca1\u6709\u6b63\u8bef\u4e4b\u5206\u3002...","Choices":{"1":{"Display":"\u6211\u5f88\u5c11\u80fd\u5b8c\u5168\u878d\u5165\u5230\u4e00\u90e8\u597d\u4e66\u6216\u8005\u7535\u5f71\u4e2d"},"2":{"Display":"\u770b\u5230\u522b\u4eba\u53d7\u5230\u4f24\u5bb3\u65f6\uff0c\u6211\u901a\u5e38\u4f1a\u4fdd\u6301\u51b7\u9759"},"3":{"Display":"\u770b\u5230\u522b\u4eba\u53d7\u5230\u4f24\u5bb3\u65f6\uff0c\u6211\u901a\u5e38\u4f1a\u611f\u89c9\u65e0\u52a8\u4e8e\u8877"}},"ChoiceOrder":[1,2,3],"Validation":{"Settings":{"ForceResponse":"ON","ForceResponseType":"ON","Type":"None"}},"GradingData":[],"Language":[],"Answers":{"1":{"Display":"\u6781\u4e3a\u5408\u9002"},"2":{"Display":"\u6bd4\u8f83\u5408\u9002"},"3":{"Display":"\u4e0d\u786e\u5b9a"},"4":{"Display":"\u4e0d\u592a\u5408\u9002"},"5":{"Display":"\u6781\u4e0d\u5408\u9002"}},"AnswerOrder":[1,2,3,4,5],"ChoiceDataExportTags":false,"RecodeValues":{"1":"5","2":"4","3":"3","4":"2","5":"1"},"QuestionText_Unsafe":"\u8bf7\u6307\u51fa\u6bcf\u4e2a\u9648\u8ff0\u7b26\u5408\u4f60\u7684\u7a0b\u5ea6\u3002\u8bf7\u6307\u51fa\u6bcf\u4e2a\u9648\u8ff0\u7b26\u5408\u4f60\u7684\u7a0b\u5ea6\u3002\u6bcf\u4e2a\u9898\u76ee\u65e0\u9700\u505a\u8fc7\u591a\u7684\u601d\u8003\uff0c\u51ed\u7b2c\u4e00\u53cd\u5e94\u505a\u51fa\u9009\u62e9\uff0c\u6bcf\u4e2a\u9898\u76ee\u7b54\u6848\u6ca1\u6709\u6b63\u8bef\u4e4b\u5206\u3002","DataExportTag":"Q28","QuestionID":"QID176","DataVisibility":{"Private":false}}},{"SurveyID":"SV_9uvLSLB8AtN8BfL","Element":"SQ","PrimaryAttribute":"QID177","SecondaryAttribute":"\u8bf7\u6307\u51fa\u6bcf\u4e2a\u9648\u8ff0\u7b26\u5408\u4f60\u7684\u7a0b\u5ea6\u3002\u8bf7\u6307\u51fa\u6bcf\u4e2a\u9648\u8ff0\u7b26\u5408\u4f60\u7684\u7a0b\u5ea6\u3002\u6bcf\u4e2a\u9898\u76ee\u65e0","TertiaryAttribute":null,"Payload":{"QuestionText":"\u8bf7\u6307\u51fa\u6bcf\u4e2a\u9648\u8ff0\u7b26\u5408\u4f60\u7684\u7a0b\u5ea6\u3002\u8bf7\u6307\u51fa\u6bcf\u4e2a\u9648\u8ff0\u7b26\u5408\u4f60\u7684\u7a0b\u5ea6\u3002\u6bcf\u4e2a\u9898\u76ee\u65e0\u9700\u505a\u8fc7\u591a\u7684\u601d\u8003\uff0c\u51ed\u7b2c\u4e00\u53cd\u5e94\u505a\u51fa\u9009\u62e9\uff0c\u6bcf\u4e2a\u9898\u76ee\u7b54\u6848\u6ca1\u6709\u6b63\u8bef\u4e4b\u5206\u3002","DefaultChoices":false,"QuestionType":"Matrix","Selector":"Likert","SubSelector":"SingleAnswer","Configuration":{"QuestionDescriptionOption":"UseText","TextPosition":"inline","ChoiceColumnWidthPixels":334,"RepeatHeaders":"none","WhiteSpace":"OFF","MobileFirst":true},"QuestionDescription":"\u8bf7\u6307\u51fa\u6bcf\u4e2a\u9648\u8ff0\u7b26\u5408\u4f60\u7684\u7a0b\u5ea6\u3002\u8bf7\u6307\u51fa\u6bcf\u4e2a\u9648\u8ff0\u7b26\u5408\u4f60\u7684\u7a0b\u5ea6\u3002\u6bcf\u4e2a\u9898\u76ee\u65e0\u9700\u505a\u8fc7\u591a\u7684\u601d\u8003\uff0c\u51ed\u7b2c\u4e00\u53cd\u5e94\u505a\u51fa\u9009\u62e9\uff0c\u6bcf\u4e2a\u9898\u76ee\u7b54\u6848\u6ca1\u6709\u6b63\u8bef\u4e4b\u5206\u3002...","Choices":{"1":{"Display":"\u7d27\u5f20\u7684\u6c14\u6c1b\u4f1a\u8ba9\u6211\u611f\u5230\u5bb3\u6015"},"2":{"Display":"\u5f53\u6211\u770b\u5230\u6709\u4eba\u88ab\u4e0d\u516c\u5e73\u7684\u5bf9\u5f85\u65f6\uff0c\u6211\u6709\u65f6\u4e0d\u4f1a\u5bf9\u4ed6\u4eec\u6709\u592a\u591a\u601c\u60af"},"3":{"Display":"\u6211\u901a\u5e38\u80fd\u6709\u6548\u5904\u7406\u7d27\u6025\u4e8b\u4ef6"}},"ChoiceOrder":[1,2,3],"Validation":{"Settings":{"ForceResponse":"ON","ForceResponseType":"ON","Type":"None"}},"GradingData":[],"Language":[],"Answers":{"1":{"Display":"\u6781\u4e3a\u5408\u9002"},"2":{"Display":"\u6bd4\u8f83\u5408\u9002"},"3":{"Display":"\u4e0d\u786e\u5b9a"},"4":{"Display":"\u4e0d\u592a\u5408\u9002"},"5":{"Display":"\u6781\u4e0d\u5408\u9002"}},"AnswerOrder":[1,2,3,4,5],"ChoiceDataExportTags":false,"RecodeValues":{"1":"5","2":"4","3":"3","4":"2","5":"1"},"QuestionText_Unsafe":"\u8bf7\u6307\u51fa\u6bcf\u4e2a\u9648\u8ff0\u7b26\u5408\u4f60\u7684\u7a0b\u5ea6\u3002\u8bf7\u6307\u51fa\u6bcf\u4e2a\u9648\u8ff0\u7b26\u5408\u4f60\u7684\u7a0b\u5ea6\u3002\u6bcf\u4e2a\u9898\u76ee\u65e0\u9700\u505a\u8fc7\u591a\u7684\u601d\u8003\uff0c\u51ed\u7b2c\u4e00\u53cd\u5e94\u505a\u51fa\u9009\u62e9\uff0c\u6bcf\u4e2a\u9898\u76ee\u7b54\u6848\u6ca1\u6709\u6b63\u8bef\u4e4b\u5206\u3002","DataExportTag":"Q30","QuestionID":"QID177","DataVisibility":{"Private":false}}},{"SurveyID":"SV_9uvLSLB8AtN8BfL","Element":"SQ","PrimaryAttribute":"QID182","SecondaryAttribute":"\u8bf7\u6307\u51fa\u6bcf\u4e2a\u9648\u8ff0\u7b26\u5408\u4f60\u7684\u7a0b\u5ea6\u3002\u8bf7\u6307\u51fa\u6bcf\u4e2a\u9648\u8ff0\u7b26\u5408\u4f60\u7684\u7a0b\u5ea6\u3002\u6bcf\u4e2a\u9898\u76ee\u65e0","TertiaryAttribute":null,"Payload":{"QuestionText":"\u8bf7\u6307\u51fa\u6bcf\u4e2a\u9648\u8ff0\u7b26\u5408\u4f60\u7684\u7a0b\u5ea6\u3002\u8bf7\u6307\u51fa\u6bcf\u4e2a\u9648\u8ff0\u7b26\u5408\u4f60\u7684\u7a0b\u5ea6\u3002\u6bcf\u4e2a\u9898\u76ee\u65e0\u9700\u505a\u8fc7\u591a\u7684\u601d\u8003\uff0c\u51ed\u7b2c\u4e00\u53cd\u5e94\u505a\u51fa\u9009\u62e9\uff0c\u6bcf\u4e2a\u9898\u76ee\u7b54\u6848\u6ca1\u6709\u6b63\u8bef\u4e4b\u5206\u3002","DefaultChoices":false,"DataExportTag":"Q32","QuestionType":"Matrix","Selector":"Likert","SubSelector":"SingleAnswer","Configuration":{"QuestionDescriptionOption":"UseText","TextPosition":"inline","ChoiceColumnWidth":25,"RepeatHeaders":"none","WhiteSpace":"OFF","MobileFirst":true,"ChoiceColumnWidthPixels":328},"QuestionDescription":"\u8bf7\u6307\u51fa\u6bcf\u4e2a\u9648\u8ff0\u7b26\u5408\u4f60\u7684\u7a0b\u5ea6\u3002\u8bf7\u6307\u51fa\u6bcf\u4e2a\u9648\u8ff0\u7b26\u5408\u4f60\u7684\u7a0b\u5ea6\u3002\u6bcf\u4e2a\u9898\u76ee\u65e0\u9700\u505a\u8fc7\u591a\u7684\u601d\u8003\uff0c\u51ed\u7b2c\u4e00\u53cd\u5e94\u505a\u51fa\u9009\u62e9\uff0c\u6bcf\u4e2a\u9898\u76ee\u7b54\u6848\u6ca1\u6709\u6b63\u8bef\u4e4b\u5206\u3002...","Choices":{"1":{"Display":"\u770b\u7535\u5f71\u7684\u65f6\u5019\u6211\u4f1a\u5f88\u5bb9\u6613\u628a\u81ea\u5df1\u60f3\u8c61\u6210\u4e00\u4e2a\u4e3b\u8981\u89d2\u8272"},"2":{"Display":"\u5728\u7d27\u6025\u60c5\u51b5\u4e0b\u6211\u5bb9\u6613\u60ca\u614c\u5931\u63aa"},"3":{"Display":"\u5f53\u6211\u5bf9\u522b\u4eba\u751f\u6c14\u7684\u65f6\u5019\uff0c\u6211\u901a\u5e38\u4f1a\u4ece\u5bf9\u65b9\u7684\u89d2\u5ea6\u60f3\u4e00\u60f3"}},"ChoiceOrder":["1","2","3"],"Validation":{"Settings":{"ForceResponse":"OFF","ForceResponseType":"ON","Type":"None"}},"GradingData":[],"Language":{"EN":{"Answers":{"5":{"Display":"\u6781\u4e0d\u5408\u9002"}}}},"Answers":{"1":{"Display":"\u6781\u4e3a\u5408\u9002"},"2":{"Display":"\t\u6bd4\u8f83\u5408\u9002"},"3":{"Display":"\t\u4e0d\u786e\u5b9a"},"4":{"Display":"\t\u4e0d\u592a\u5408\u9002"},"5":{"Display":"\t\u6781\u4e0d\u5408\u9002"}},"AnswerOrder":[1,2,3,4,5],"ChoiceDataExportTags":false,"QuestionID":"QID182","QuestionText_Unsafe":"\u8bf7\u6307\u51fa\u6bcf\u4e2a\u9648\u8ff0\u7b26\u5408\u4f60\u7684\u7a0b\u5ea6\u3002\u8bf7\u6307\u51fa\u6bcf\u4e2a\u9648\u8ff0\u7b26\u5408\u4f60\u7684\u7a0b\u5ea6\u3002\u6bcf\u4e2a\u9898\u76ee\u65e0\u9700\u505a\u8fc7\u591a\u7684\u601d\u8003\uff0c\u51ed\u7b2c\u4e00\u53cd\u5e94\u505a\u51fa\u9009\u62e9\uff0c\u6bcf\u4e2a\u9898\u76ee\u7b54\u6848\u6ca1\u6709\u6b63\u8bef\u4e4b\u5206\u3002"}},{"SurveyID":"SV_9uvLSLB8AtN8BfL","Element":"SQ","PrimaryAttribute":"QID175","SecondaryAttribute":"\u8bf7\u6307\u51fa\u6bcf\u4e2a\u9648\u8ff0\u7b26\u5408\u4f60\u7684\u7a0b\u5ea6\u3002\u6bcf\u4e2a\u9898\u76ee\u65e0\u9700\u505a\u8fc7\u591a\u7684\u601d\u8003\uff0c\u51ed\u7b2c\u4e00\u53cd\u5e94\u505a","TertiaryAttribute":null,"Payload":{"QuestionText":"\u8bf7\u6307\u51fa\u6bcf\u4e2a\u9648\u8ff0\u7b26\u5408\u4f60\u7684\u7a0b\u5ea6\u3002\u6bcf\u4e2a\u9898\u76ee\u65e0\u9700\u505a\u8fc7\u591a\u7684\u601d\u8003\uff0c\u51ed\u7b2c\u4e00\u53cd\u5e94\u505a\u51fa\u9009\u62e9\uff0c\u6bcf\u4e2a\u9898\u76ee\u7b54\u6848\u6ca1\u6709\u6b63\u8bef\u4e4b\u5206\u3002","DefaultChoices":false,"QuestionType":"Matrix","Selector":"Likert","SubSelector":"SingleAnswer","Configuration":{"QuestionDescriptionOption":"UseText","TextPosition":"inline","ChoiceColumnWidthPixels":334,"RepeatHeaders":"none","WhiteSpace":"OFF","MobileFirst":true},"QuestionDescription":"\u8bf7\u6307\u51fa\u6bcf\u4e2a\u9648\u8ff0\u7b26\u5408\u4f60\u7684\u7a0b\u5ea6\u3002\u6bcf\u4e2a\u9898\u76ee\u65e0\u9700\u505a\u8fc7\u591a\u7684\u601d\u8003\uff0c\u51ed\u7b2c\u4e00\u53cd\u5e94\u505a\u51fa\u9009\u62e9\uff0c\u6bcf\u4e2a\u9898\u76ee\u7b54\u6848\u6ca1\u6709\u6b63\u8bef\u4e4b\u5206\u3002...","Choices":{"1":{"Display":"\u4e0d\u597d\u7684\u4e8b\u60c5\u7a81\u7136\u53d1\u751f\u7684\u65f6\u5019\uff0c\u6211\u4f1a\u611f\u5230\u60f4\u60f4\u4e0d\u5b89"},"2":{"Display":"\u770b\u7535\u5f71\u6216\u8005\u770b\u620f\u65f6\uff0c\u6211\u4e0d\u5bb9\u6613\u5168\u8eab\u5fc3\u6295\u5165\uff0c\u901a\u5e38\u5c06\u81ea\u5df1\u5f53\u505a\u4e00\u4e2a\u65c1\u89c2\u8005"},"3":{"Display":"\u5728\u505a\u51b3\u5b9a\u4e4b\u524d\u6211\u4f1a\u5c3d\u91cf\u8003\u8651\u5404\u65b9\u7684\u4e0d\u540c\u610f\u89c1"}},"ChoiceOrder":[1,2,3],"Validation":{"Settings":{"ForceResponse":"ON","ForceResponseType":"ON","Type":"None"}},"GradingData":[],"Language":[],"Answers":{"1":{"Display":"\u6781\u4e3a\u5408\u9002"},"2":{"Display":"\u6bd4\u8f83\u5408\u9002"},"3":{"Display":"\u4e0d\u786e\u5b9a"},"4":{"Display":"\u4e0d\u592a\u5408\u9002"},"5":{"Display":"\u6781\u4e0d\u5408\u9002"}},"AnswerOrder":[1,2,3,4,5],"ChoiceDataExportTags":false,"RecodeValues":{"1":"5","2":"4","3":"3","4":"2","5":"1"},"QuestionText_Unsafe":"\u8bf7\u6307\u51fa\u6bcf\u4e2a\u9648\u8ff0\u7b26\u5408\u4f60\u7684\u7a0b\u5ea6\u3002\u6bcf\u4e2a\u9898\u76ee\u65e0\u9700\u505a\u8fc7\u591a\u7684\u601d\u8003\uff0c\u51ed\u7b2c\u4e00\u53cd\u5e94\u505a\u51fa\u9009\u62e9\uff0c\u6bcf\u4e2a\u9898\u76ee\u7b54\u6848\u6ca1\u6709\u6b63\u8bef\u4e4b\u5206\u3002","DataExportTag":"Q26","QuestionID":"QID175","DataVisibility":{"Private":false}}},{"SurveyID":"SV_9uvLSLB8AtN8BfL","Element":"RS","PrimaryAttribute":"RS_a2HuRjeIrBWVb1P","SecondaryAttribute":"\u9ed8\u8ba4\u56de\u590d\u96c6\u5408","TertiaryAttribute":null,"Payload":null},{"SurveyID":"SV_9uvLSLB8AtN8BfL","Element":"SQ","PrimaryAttribute":"QID170","SecondaryAttribute":"Timing","TertiaryAttribute":null,"Payload":{"QuestionText":"Timing","DefaultChoices":false,"DataExportTag":"Q3","QuestionID":"QID170","QuestionType":"Timing","Selector":"PageTimer","DataVisibility":{"Private":false},"Configuration":{"QuestionDescriptionOption":"UseText","MinSeconds":"0","MaxSeconds":12},"QuestionDescription":"Timing","Choices":{"1":{"Display":"\u7b2c\u4e00\u6b21\u70b9\u51fb"},"2":{"Display":"\u6700\u540e\u4e00\u6b21\u70b9\u51fb"},"3":{"Display":"\u9875\u9762\u63d0\u4ea4"},"4":{"Display":"\u70b9\u51fb\u8ba1\u6570"}},"GradingData":[],"Language":[],"QuestionText_Unsafe":"Timing"}},{"SurveyID":"SV_9uvLSLB8AtN8BfL","Element":"SQ","PrimaryAttribute":"QID171","SecondaryAttribute":"\u60a8\u597d\uff01 \u6b22\u8fce\u53c2\u52a0\u6211\u4eec\u7684\u5b9e\u9a8c\u3002 \u6211\u4eec\u7684\u5b9e\u9a8c\u662f\u5173\u4e8e\u5171\u60c5\u80fd\u529b\u548c\u4f9d\u604b\u7c7b\u578b\u7684\u5b9e","TertiaryAttribute":null,"Payload":{"QuestionText":"<div style=\"text-align: center;\"><span style=\"font-size:16px;\"><span style=\"font-family: arial, helvetica, sans-serif;\"><strong>\u60a8\u597d\uff01<br>\n\u6b22\u8fce\u53c2\u52a0\u6211\u4eec\u7684\u5b9e\u9a8c\u3002<br>\n\u6211\u4eec\u7684\u5b9e\u9a8c\u662f\u5173\u4e8e\u5171\u60c5\u80fd\u529b\u548c\u4f9d\u604b\u7c7b\u578b\u7684\u5b9e\u9a8c\u3002<br>\n\u5e0c\u671b\u60a8\u80fd\u8ba4\u771f\u3001\u5168\u6295\u5165\u5730\u5b8c\u6210\u6211\u4eec\u7684\u95ee\u5377\u3002<\/strong><\/span><\/span><\/div><div style=\"text-align: center;\"><span style=\"font-size:16px;\"><span style=\"font-family: arial, helvetica, sans-serif;\"><strong>\u5341\u5206\u611f\u8c22\u4f60\uff01<br><\/strong><\/span><\/span><\/div>","DefaultChoices":false,"DataExportTag":"Q1","QuestionType":"DB","Selector":"TB","Configuration":{"QuestionDescriptionOption":"UseText"},"QuestionDescription":"\u60a8\u597d\uff01 \u6b22\u8fce\u53c2\u52a0\u6211\u4eec\u7684\u5b9e\u9a8c\u3002 \u6211\u4eec\u7684\u5b9e\u9a8c\u662f\u5173\u4e8e\u5171\u60c5\u80fd\u529b\u548c\u4f9d\u604b\u7c7b\u578b\u7684\u5b9e\u9a8c\u3002 \u5e0c\u671b\u60a8\u80fd\u8ba4\u771f\u3001\u5168\u6295\u5165\u5730\u5b8c\u6210\u6211\u4eec\u7684\u95ee\u5377\u3002 \u5341\u5206\u611f\u8c22\u4f60\uff01...","ChoiceOrder":[],"Validation":{"Settings":{"Type":"None"}},"GradingData":[],"Language":[],"QuestionID":"QID171","QuestionText_Unsafe":"<div style=\"text-align: center;\"><span style=\"font-size:16px;\"><span style=\"font-family: arial, helvetica, sans-serif;\"><strong>\u60a8\u597d\uff01<br>\n\u6b22\u8fce\u53c2\u52a0\u6211\u4eec\u7684\u5b9e\u9a8c\u3002<br>\n\u6211\u4eec\u7684\u5b9e\u9a8c\u662f\u5173\u4e8e\u5171\u60c5\u80fd\u529b\u548c\u4f9d\u604b\u7c7b\u578b\u7684\u5b9e\u9a8c\u3002<br>\n\u5e0c\u671b\u60a8\u80fd\u8ba4\u771f\u3001\u5168\u6295\u5165\u5730\u5b8c\u6210\u6211\u4eec\u7684\u95ee\u5377\u3002<\/strong><\/span><\/span><\/div><div style=\"text-align: center;\"><span style=\"font-size:16px;\"><span style=\"font-family: arial, helvetica, sans-serif;\"><strong>\u5341\u5206\u611f\u8c22\u4f60\uff01<br><\/strong><\/span><\/span><\/div>","DataVisibility":{"Private":false}}},{"SurveyID":"SV_9uvLSLB8AtN8BfL","Element":"SQ","PrimaryAttribute":"QID174","SecondaryAttribute":"\u60a8\u5c31\u8bfb\u7684\u5927\u5b66\u662f\uff1a","TertiaryAttribute":null,"Payload":{"QuestionText":"\u60a8\u5c31\u8bfb\u7684\u5927\u5b66\u662f\uff1a","DefaultChoices":false,"DataExportTag":"Q23","QuestionID":"QID174","QuestionType":"TE","Selector":"SL","Configuration":{"QuestionDescriptionOption":"UseText"},"QuestionDescription":"\u60a8\u5c31\u8bfb\u7684\u5927\u5b66\u662f\uff1a","DisplayLogic":{"0":{"0":{"LogicType":"Question","QuestionID":"QID130","QuestionIsInLoop":"no","ChoiceLocator":"q:\/\/QID130\/SelectableChoice\/7","Operator":"Selected","QuestionIDFromLocator":"QID130","LeftOperand":"q:\/\/QID130\/SelectableChoice\/7","Type":"Expression","Description":"<span class=\"ConjDesc\">If<\/span> <span class=\"QuestionDesc\">\u60a8\u7684\u804c\u4e1a\u5c5e\u4e8e<\/span> <span class=\"LeftOpDesc\">\u5b66\u751f<\/span> <span class=\"OpDesc\">\u5df2\u9009\u5b9a<\/span> "},"Type":"If"},"Type":"BooleanExpression","inPage":false},"Validation":{"Settings":{"ForceResponse":"OFF","ForceResponseType":"ON","Type":"None"}},"GradingData":[],"Language":[],"QuestionText_Unsafe":"\u60a8\u5c31\u8bfb\u7684\u5927\u5b66\u662f\uff1a"}},{"SurveyID":"SV_9uvLSLB8AtN8BfL","Element":"SQ","PrimaryAttribute":"QID189","SecondaryAttribute":"\u60a8\u5c31\u8bfb\u7684\u4e13\u4e1a","TertiaryAttribute":null,"Payload":{"QuestionText":"\u60a8\u5c31\u8bfb\u7684\u4e13\u4e1a","DataExportTag":"Q24","QuestionType":"MC","Selector":"SAVR","SubSelector":"TX","Configuration":{"QuestionDescriptionOption":"UseText"},"QuestionDescription":"\u60a8\u5c31\u8bfb\u7684\u4e13\u4e1a","Choices":{"1":{"Display":"\u6587\u79d1"},"2":{"Display":"\u7406\u79d1"},"3":{"Display":"\u5de5\u79d1"},"4":{"Display":"\u533b\u79d1"}},"DisplayLogic":{"0":{"0":{"LogicType":"Question","QuestionID":"QID130","QuestionIsInLoop":"no","ChoiceLocator":"q:\/\/QID130\/SelectableChoice\/7","Operator":"Selected","QuestionIDFromLocator":"QID130","LeftOperand":"q:\/\/QID130\/SelectableChoice\/7","Type":"Expression","Description":"<span class=\"ConjDesc\">If<\/span> <span class=\"QuestionDesc\">\u60a8\u7684\u804c\u4e1a\u5c5e\u4e8e<\/span> <span class=\"LeftOpDesc\">\u5b66\u751f<\/span> <span class=\"OpDesc\">\u5df2\u9009\u5b9a<\/span> "},"Type":"If"},"Type":"BooleanExpression","inPage":false},"ChoiceOrder":[1,2,3,4],"Validation":{"Settings":{"ForceResponse":"OFF","ForceResponseType":"ON","Type":"None"}},"Language":[],"QuestionID":"QID189","QuestionText_Unsafe":"\u60a8\u5c31\u8bfb\u7684\u4e13\u4e1a"}},{"SurveyID":"SV_9uvLSLB8AtN8BfL","Element":"SQ","PrimaryAttribute":"QID130","SecondaryAttribute":"\u60a8\u7684\u804c\u4e1a\u5c5e\u4e8e","TertiaryAttribute":null,"Payload":{"QuestionText":"<span style=\"font-size:16px;\">\u60a8\u7684\u804c\u4e1a\u5c5e\u4e8e<\/span>","DefaultChoices":false,"DataExportTag":"Q21","QuestionType":"MC","Selector":"SAVR","SubSelector":"TX","Configuration":{"QuestionDescriptionOption":"UseText"},"QuestionDescription":"\u60a8\u7684\u804c\u4e1a\u5c5e\u4e8e","Choices":{"1":{"Display":"\u653f\u5e9c\u516c\u52a1\u5458"},"2":{"Display":"IT\u7c7b\u4ece\u4e1a\u4eba\u5458"},"3":{"Display":"\u6559\u5e08\u3001\u57f9\u8bad\u4eba\u5458"},"4":{"Display":"\u5de5\u7a0b\u3001\u4e13\u4e1a\u6280\u672f\u4eba\u5458"},"5":{"Display":"\u670d\u52a1\u884c\u4e1a"},"6":{"Display":"\u91d1\u878d\u884c\u4e1a"},"7":{"Display":"\u5b66\u751f"},"8":{"Display":"\u5176\u4ed6"}},"ChoiceOrder":[1,2,3,4,5,6,7,8],"Validation":{"Settings":{"ForceResponse":"ON","ForceResponseType":"ON","Type":"None"}},"RecodeValues":{"1":"1","2":"2","3":"3","4":"4","5":"5","6":"6","7":"7","8":"8"},"GradingData":[],"Language":{"EN":{"Choices":{"3":{"Display":"IT\u7c7b\u4ece\u4e1a\u4eba\u5458"}}}},"QuestionID":"QID130","QuestionText_Unsafe":"<span style=\"font-size:16px;\">\u60a8\u7684\u804c\u4e1a\u5c5e\u4e8e<\/span>"}},{"SurveyID":"SV_9uvLSLB8AtN8BfL","Element":"SQ","PrimaryAttribute":"QID131","SecondaryAttribute":"\u60a8\u7684\u804c\u4e1a\u662f\uff1a","TertiaryAttribute":null,"Payload":{"QuestionText":"\u60a8\u7684\u804c\u4e1a\u662f\uff1a","DefaultChoices":false,"DataExportTag":"Q22","QuestionType":"TE","Selector":"SL","Configuration":{"QuestionDescriptionOption":"UseText"},"QuestionDescription":"\u60a8\u7684\u804c\u4e1a\u662f\uff1a","Validation":{"Settings":{"ForceResponse":"ON","ForceResponseType":"ON","Type":"None"}},"GradingData":[],"Language":[],"QuestionID":"QID131","DisplayLogic":{"0":{"0":{"LogicType":"Question","QuestionID":"QID130","QuestionIsInLoop":"no","ChoiceLocator":"q:\/\/QID130\/SelectableChoice\/8","Operator":"Selected","QuestionIDFromLocator":"QID130","LeftOperand":"q:\/\/QID130\/SelectableChoice\/8","Type":"Expression","Description":"<span class=\"ConjDesc\">If<\/span> <span class=\"QuestionDesc\">\u60a8\u7684\u804c\u4e1a\u5c5e\u4e8e<\/span> <span class=\"LeftOpDesc\">\u5176\u4ed6<\/span> <span class=\"OpDesc\">\u5df2\u9009\u5b9a<\/span> "},"Type":"If"},"Type":"BooleanExpression","inPage":false},"QuestionText_Unsafe":"\u60a8\u7684\u804c\u4e1a\u662f\uff1a"}},{"SurveyID":"SV_9uvLSLB8AtN8BfL","Element":"SQ","PrimaryAttribute":"QID129","SecondaryAttribute":"\u60a8\u7684\u6700\u9ad8\u5b66\u5386","TertiaryAttribute":null,"Payload":{"QuestionText":"<span style=\"font-size:16px;\">\u60a8\u7684\u6700\u9ad8\u5b66\u5386<\/span>","DefaultChoices":false,"DataExportTag":"Q20","QuestionType":"MC","Selector":"SAHR","SubSelector":"TX","Configuration":{"QuestionDescriptionOption":"UseText","LabelPosition":"BELOW"},"QuestionDescription":"\u60a8\u7684\u6700\u9ad8\u5b66\u5386","Choices":{"1":{"Display":"\u535a\u58eb\u53ca\u4ee5\u4e0a"},"2":{"Display":"\u7855\u58eb"},"3":{"Display":"\u672c\u79d1"}},"ChoiceOrder":[1,2,3],"Validation":{"Settings":{"ForceResponse":"ON","ForceResponseType":"ON","Type":"None"}},"RecodeValues":{"1":"1","2":"2","3":"3"},"GradingData":[],"Language":{"EN":{"Choices":{"1":{"Display":"\u535a\u58eb\u53ca\u4ee5\u4e0a"}}}},"QuestionID":"QID129","QuestionText_Unsafe":"<span style=\"font-size:16px;\">\u60a8\u7684\u6700\u9ad8\u5b66\u5386<\/span>"}},{"SurveyID":"SV_9uvLSLB8AtN8BfL","Element":"SQ","PrimaryAttribute":"QID126","SecondaryAttribute":"\u60a8\u73b0\u5728\u4f7f\u7528\u4ec0\u4e48\u8bbe\u5907\u586b\u5199\u672c\u95ee\u5377\uff1f","TertiaryAttribute":null,"Payload":{"QuestionText":"<p><span style='font-size:14.0pt;&#10;font-family:\u5b8b\u4f53;mso-ascii-font-family:\"Helvetica Neue\";mso-fareast-font-family:&#10;\u5b8b\u4f53;mso-fareast-theme-font:minor-fareast;mso-hansi-font-family:\"Helvetica Neue\";&#10;mso-bidi-font-family:\"Helvetica Neue\";mso-font-kerning:0pt'>\u60a8\u73b0\u5728\u4f7f\u7528\u4ec0\u4e48\u8bbe\u5907\u586b\u5199\u672c\u95ee\u5377\uff1f<\/span><\/p>","DefaultChoices":false,"DataExportTag":"Q6","QuestionType":"MC","Selector":"SAVR","SubSelector":"TX","Configuration":{"QuestionDescriptionOption":"UseText"},"QuestionDescription":"\u60a8\u73b0\u5728\u4f7f\u7528\u4ec0\u4e48\u8bbe\u5907\u586b\u5199\u672c\u95ee\u5377\uff1f","Choices":{"1":{"Display":"\uf06e\t\u624b\u673a"},"2":{"Display":"\uf06e\t\u5e73\u677f\u7535\u8111"},"3":{"Display":"\uf06e\t\u7b14\u8bb0\u672c\u7535\u8111\u6216\u53f0\u5f0f\u7535\u8111"},"4":{"Display":"\uf06e \u5176\u4ed6"}},"ChoiceOrder":[1,2,3,4],"Validation":{"Settings":{"ForceResponse":"ON","ForceResponseType":"ON","Type":"None"}},"GradingData":[],"Language":[],"QuestionID":"QID126","QuestionText_Unsafe":"<p><span style='font-size:14.0pt;&#10;font-family:\u5b8b\u4f53;mso-ascii-font-family:\"Helvetica Neue\";mso-fareast-font-family:&#10;\u5b8b\u4f53;mso-fareast-theme-font:minor-fareast;mso-hansi-font-family:\"Helvetica Neue\";&#10;mso-bidi-font-family:\"Helvetica Neue\";mso-font-kerning:0pt'>\u60a8\u73b0\u5728\u4f7f\u7528\u4ec0\u4e48\u8bbe\u5907\u586b\u5199\u672c\u95ee\u5377\uff1f<\/span><\/p>"}},{"SurveyID":"SV_9uvLSLB8AtN8BfL","Element":"SQ","PrimaryAttribute":"QID125","SecondaryAttribute":"\u60a8\u73b0\u5728\u6709\u522b\u7684\u4e8b\u60c5\u8981\u53bb\u5fd9\u5417\uff1f","TertiaryAttribute":null,"Payload":{"QuestionText":"<p><span style='font-size:14.0pt;&#10;font-family:\u5b8b\u4f53;mso-ascii-font-family:\"Helvetica Neue\";mso-fareast-font-family:&#10;\u5b8b\u4f53;mso-fareast-theme-font:minor-fareast;mso-hansi-font-family:\"Helvetica Neue\";&#10;mso-bidi-font-family:\"Helvetica Neue\";mso-font-kerning:0pt'>\u60a8\u73b0\u5728\u6709\u522b\u7684\u4e8b\u60c5\u8981\u53bb\u5fd9\u5417\uff1f<\/span><\/p>","DefaultChoices":false,"DataExportTag":"Q5","QuestionType":"MC","Selector":"SAVR","SubSelector":"TX","Configuration":{"QuestionDescriptionOption":"UseText"},"QuestionDescription":"\u60a8\u73b0\u5728\u6709\u522b\u7684\u4e8b\u60c5\u8981\u53bb\u5fd9\u5417\uff1f","Choices":{"1":{"Display":"\uf06e\t\u662f"},"2":{"Display":"\uf06e\t\u5426"}},"ChoiceOrder":[1,2],"Validation":{"Settings":{"ForceResponse":"ON","ForceResponseType":"ON","Type":"None"}},"GradingData":[],"Language":[],"QuestionID":"QID125","QuestionText_Unsafe":"<p><span style='font-size:14.0pt;&#10;font-family:\u5b8b\u4f53;mso-ascii-font-family:\"Helvetica Neue\";mso-fareast-font-family:&#10;\u5b8b\u4f53;mso-fareast-theme-font:minor-fareast;mso-hansi-font-family:\"Helvetica Neue\";&#10;mso-bidi-font-family:\"Helvetica Neue\";mso-font-kerning:0pt'>\u60a8\u73b0\u5728\u6709\u522b\u7684\u4e8b\u60c5\u8981\u53bb\u5fd9\u5417\uff1f<\/span><\/p>"}},{"SurveyID":"SV_9uvLSLB8AtN8BfL","Element":"SQ","PrimaryAttribute":"QID124","SecondaryAttribute":"\u60a8\u6240\u5904\u7684\u73af\u5883\u4f1a\u5f71\u54cd\u60a8\u51c6\u786e\u56de\u7b54\u540e\u7eed\u95ee\u9898\u5417\uff1f","TertiaryAttribute":null,"Payload":{"QuestionText":"<span style='font-size:14.0pt;font-family:\u5b8b\u4f53;&#10;mso-ascii-font-family:\"Helvetica Neue\";mso-fareast-theme-font:minor-fareast;&#10;mso-hansi-font-family:\"Helvetica Neue\";mso-bidi-font-family:\"Helvetica Neue\";&#10;mso-font-kerning:0pt;mso-ansi-language:EN-US;mso-fareast-language:ZH-CN;&#10;mso-bidi-language:AR-SA'>\u60a8\u6240\u5904\u7684\u73af\u5883\u4f1a\u5f71\u54cd\u60a8\u51c6\u786e\u56de\u7b54\u540e\u7eed\u95ee\u9898\u5417\uff1f<\/span>","DefaultChoices":false,"DataExportTag":"Q4","QuestionType":"MC","Selector":"SAVR","SubSelector":"TX","Configuration":{"QuestionDescriptionOption":"UseText"},"QuestionDescription":"\u60a8\u6240\u5904\u7684\u73af\u5883\u4f1a\u5f71\u54cd\u60a8\u51c6\u786e\u56de\u7b54\u540e\u7eed\u95ee\u9898\u5417\uff1f","Choices":{"1":{"Display":"\uf06e \u662f"},"2":{"Display":"\uf06e\t\u5426"}},"ChoiceOrder":[1,2],"Validation":{"Settings":{"ForceResponse":"ON","ForceResponseType":"ON","Type":"None"}},"GradingData":[],"Language":[],"QuestionID":"QID124","QuestionText_Unsafe":"<span style='font-size:14.0pt;font-family:\u5b8b\u4f53;&#10;mso-ascii-font-family:\"Helvetica Neue\";mso-fareast-theme-font:minor-fareast;&#10;mso-hansi-font-family:\"Helvetica Neue\";mso-bidi-font-family:\"Helvetica Neue\";&#10;mso-font-kerning:0pt;mso-ansi-language:EN-US;mso-fareast-language:ZH-CN;&#10;mso-bidi-language:AR-SA'>\u60a8\u6240\u5904\u7684\u73af\u5883\u4f1a\u5f71\u54cd\u60a8\u51c6\u786e\u56de\u7b54\u540e\u7eed\u95ee\u9898\u5417\uff1f<\/span>"}},{"SurveyID":"SV_9uvLSLB8AtN8BfL","Element":"SQ","PrimaryAttribute":"QID188","SecondaryAttribute":"\u611f\u8c22\u4f60\u53c2\u4e0e\u6211\u4eec\u7684\u8c03\u67e5\u3002 \u4f60\u5c06\u83b7\u5f97\u4e00\u5b9a\u7684\u88ab\u8bd5\u8d39\u3002","TertiaryAttribute":null,"Payload":{"QuestionText":"\u611f\u8c22\u4f60\u53c2\u4e0e\u6211\u4eec\u7684\u8c03\u67e5\u3002<br>\u4f60\u5c06\u83b7\u5f97\u4e00\u5b9a\u7684\u88ab\u8bd5\u8d39\u3002","DefaultChoices":false,"DataExportTag":"Q40","QuestionType":"DB","Selector":"TB","Configuration":{"QuestionDescriptionOption":"UseText"},"QuestionDescription":"\u611f\u8c22\u4f60\u53c2\u4e0e\u6211\u4eec\u7684\u8c03\u67e5\u3002 \u4f60\u5c06\u83b7\u5f97\u4e00\u5b9a\u7684\u88ab\u8bd5\u8d39\u3002","ChoiceOrder":[],"Validation":{"Settings":{"Type":"None"}},"GradingData":[],"Language":[],"QuestionID":"QID188","QuestionText_Unsafe":"\u611f\u8c22\u4f60\u53c2\u4e0e\u6211\u4eec\u7684\u8c03\u67e5\u3002<br>\u4f60\u5c06\u83b7\u5f97\u4e00\u5b9a\u7684\u88ab\u8bd5\u8d39\u3002"}}]}